// !$*UTF8*$!
{
	archiveVersion = 1;
	classes = {
	};
	objectVersion = 55;
	objects = {

/* Begin PBXBuildFile section */
		C0730C4F27F3C64B00EF7550 /* Milestone.swift in Sources */ = {isa = PBXBuildFile; fileRef = C0730C4E27F3C64B00EF7550 /* Milestone.swift */; };
		C0730C5227F3C86600EF7550 /* Errors.swift in Sources */ = {isa = PBXBuildFile; fileRef = C0730C5127F3C86600EF7550 /* Errors.swift */; };
		C0730C5427F3C87D00EF7550 /* Utilities.swift in Sources */ = {isa = PBXBuildFile; fileRef = C0730C5327F3C87D00EF7550 /* Utilities.swift */; };
		C0730C5627F3DC4600EF7550 /* WindowManager.swift in Sources */ = {isa = PBXBuildFile; fileRef = C0730C5527F3DC4600EF7550 /* WindowManager.swift */; };
		C0730C5827F3DDB800EF7550 /* KeyCreationSheet.swift in Sources */ = {isa = PBXBuildFile; fileRef = C0730C5727F3DDB800EF7550 /* KeyCreationSheet.swift */; };
		C0730C5A27F3DDE300EF7550 /* KeyManagerView.swift in Sources */ = {isa = PBXBuildFile; fileRef = C0730C5927F3DDE300EF7550 /* KeyManagerView.swift */; };
		C0730C5F27F5534400EF7550 /* GoalEntryView.swift in Sources */ = {isa = PBXBuildFile; fileRef = C0730C5E27F5534400EF7550 /* GoalEntryView.swift */; };
		C0730C6427F559E200EF7550 /* MilestoneManagerView.swift in Sources */ = {isa = PBXBuildFile; fileRef = C0730C6327F559E200EF7550 /* MilestoneManagerView.swift */; };
		C0730C6727F55A7700EF7550 /* MilestoneDetailView.swift in Sources */ = {isa = PBXBuildFile; fileRef = C0730C6627F55A7700EF7550 /* MilestoneDetailView.swift */; };
		C0730C6927F55AF800EF7550 /* ServerSelectionSheet.swift in Sources */ = {isa = PBXBuildFile; fileRef = C0730C6827F55AF800EF7550 /* ServerSelectionSheet.swift */; };
		C08614AE27E185D000766418 /* MilestoneComposerApp.swift in Sources */ = {isa = PBXBuildFile; fileRef = C08614AD27E185D000766418 /* MilestoneComposerApp.swift */; };
		C08614B027E185D000766418 /* ContentView.swift in Sources */ = {isa = PBXBuildFile; fileRef = C08614AF27E185D000766418 /* ContentView.swift */; };
		C08614B227E185D000766418 /* Assets.xcassets in Resources */ = {isa = PBXBuildFile; fileRef = C08614B127E185D000766418 /* Assets.xcassets */; };
		C08614B527E185D000766418 /* Preview Assets.xcassets in Resources */ = {isa = PBXBuildFile; fileRef = C08614B427E185D000766418 /* Preview Assets.xcassets */; };
		C086151227E18B2200766418 /* KeyManagement.framework in Frameworks */ = {isa = PBXBuildFile; fileRef = C086150E27E18AE100766418 /* KeyManagement.framework */; };
		C086151327E18B2200766418 /* KeyManagement.framework in Embed Frameworks */ = {isa = PBXBuildFile; fileRef = C086150E27E18AE100766418 /* KeyManagement.framework */; settings = {ATTRIBUTES = (CodeSignOnCopy, RemoveHeadersOnCopy, ); }; };
/* End PBXBuildFile section */

/* Begin PBXContainerItemProxy section */
		C086150D27E18AE100766418 /* PBXContainerItemProxy */ = {
			isa = PBXContainerItemProxy;
			containerPortal = C086150927E18AE100766418 /* Key Management.xcodeproj */;
			proxyType = 2;
			remoteGlobalIDString = C08614F727E1896200766418;
			remoteInfo = "Key Management";
		};
/* End PBXContainerItemProxy section */

/* Begin PBXCopyFilesBuildPhase section */
		C086151427E18B2200766418 /* Embed Frameworks */ = {
			isa = PBXCopyFilesBuildPhase;
			buildActionMask = 2147483647;
			dstPath = "";
			dstSubfolderSpec = 10;
			files = (
				C086151327E18B2200766418 /* KeyManagement.framework in Embed Frameworks */,
			);
			name = "Embed Frameworks";
			runOnlyForDeploymentPostprocessing = 0;
		};
/* End PBXCopyFilesBuildPhase section */

/* Begin PBXFileReference section */
		C0730C4E27F3C64B00EF7550 /* Milestone.swift */ = {isa = PBXFileReference; lastKnownFileType = sourcecode.swift; path = Milestone.swift; sourceTree = "<group>"; };
		C0730C5127F3C86600EF7550 /* Errors.swift */ = {isa = PBXFileReference; lastKnownFileType = sourcecode.swift; path = Errors.swift; sourceTree = "<group>"; };
		C0730C5327F3C87D00EF7550 /* Utilities.swift */ = {isa = PBXFileReference; lastKnownFileType = sourcecode.swift; path = Utilities.swift; sourceTree = "<group>"; };
		C0730C5527F3DC4600EF7550 /* WindowManager.swift */ = {isa = PBXFileReference; lastKnownFileType = sourcecode.swift; path = WindowManager.swift; sourceTree = "<group>"; };
		C0730C5727F3DDB800EF7550 /* KeyCreationSheet.swift */ = {isa = PBXFileReference; lastKnownFileType = sourcecode.swift; path = KeyCreationSheet.swift; sourceTree = "<group>"; };
		C0730C5927F3DDE300EF7550 /* KeyManagerView.swift */ = {isa = PBXFileReference; lastKnownFileType = sourcecode.swift; path = KeyManagerView.swift; sourceTree = "<group>"; };
		C0730C5C27F3DF7000EF7550 /* Info.plist */ = {isa = PBXFileReference; lastKnownFileType = text.plist; path = Info.plist; sourceTree = SOURCE_ROOT; };
		C0730C5E27F5534400EF7550 /* GoalEntryView.swift */ = {isa = PBXFileReference; lastKnownFileType = sourcecode.swift; path = GoalEntryView.swift; sourceTree = "<group>"; };
		C0730C6327F559E200EF7550 /* MilestoneManagerView.swift */ = {isa = PBXFileReference; lastKnownFileType = sourcecode.swift; path = MilestoneManagerView.swift; sourceTree = "<group>"; };
		C0730C6627F55A7700EF7550 /* MilestoneDetailView.swift */ = {isa = PBXFileReference; lastKnownFileType = sourcecode.swift; path = MilestoneDetailView.swift; sourceTree = "<group>"; };
		C0730C6827F55AF800EF7550 /* ServerSelectionSheet.swift */ = {isa = PBXFileReference; lastKnownFileType = sourcecode.swift; path = ServerSelectionSheet.swift; sourceTree = "<group>"; };
		C08614AA27E185D000766418 /* Milestone Composer.app */ = {isa = PBXFileReference; explicitFileType = wrapper.application; includeInIndex = 0; path = "Milestone Composer.app"; sourceTree = BUILT_PRODUCTS_DIR; };
		C08614AD27E185D000766418 /* MilestoneComposerApp.swift */ = {isa = PBXFileReference; lastKnownFileType = sourcecode.swift; path = MilestoneComposerApp.swift; sourceTree = "<group>"; };
		C08614AF27E185D000766418 /* ContentView.swift */ = {isa = PBXFileReference; lastKnownFileType = sourcecode.swift; path = ContentView.swift; sourceTree = "<group>"; };
		C08614B127E185D000766418 /* Assets.xcassets */ = {isa = PBXFileReference; lastKnownFileType = folder.assetcatalog; path = Assets.xcassets; sourceTree = "<group>"; };
		C08614B427E185D000766418 /* Preview Assets.xcassets */ = {isa = PBXFileReference; lastKnownFileType = folder.assetcatalog; path = "Preview Assets.xcassets"; sourceTree = "<group>"; };
		C08614B627E185D000766418 /* MilestoneComposer.entitlements */ = {isa = PBXFileReference; lastKnownFileType = text.plist.entitlements; path = MilestoneComposer.entitlements; sourceTree = "<group>"; };
		C086150927E18AE100766418 /* Key Management.xcodeproj */ = {isa = PBXFileReference; lastKnownFileType = "wrapper.pb-project"; name = "Key Management.xcodeproj"; path = "../Key Management/Key Management.xcodeproj"; sourceTree = "<group>"; };
/* End PBXFileReference section */

/* Begin PBXFrameworksBuildPhase section */
		C08614A727E185D000766418 /* Frameworks */ = {
			isa = PBXFrameworksBuildPhase;
			buildActionMask = 2147483647;
			files = (
				C086151227E18B2200766418 /* KeyManagement.framework in Frameworks */,
			);
			runOnlyForDeploymentPostprocessing = 0;
		};
/* End PBXFrameworksBuildPhase section */

/* Begin PBXGroup section */
		C08614A127E185D000766418 = {
			isa = PBXGroup;
			children = (
				C086150927E18AE100766418 /* Key Management.xcodeproj */,
				C08614AC27E185D000766418 /* Milestone Composer */,
				C08614AB27E185D000766418 /* Products */,
				C086151027E18B2200766418 /* Frameworks */,
			);
			sourceTree = "<group>";
		};
		C08614AB27E185D000766418 /* Products */ = {
			isa = PBXGroup;
			children = (
				C08614AA27E185D000766418 /* Milestone Composer.app */,
			);
			name = Products;
			sourceTree = "<group>";
		};
		C08614AC27E185D000766418 /* Milestone Composer */ = {
			isa = PBXGroup;
			children = (
				C0730C5C27F3DF7000EF7550 /* Info.plist */,
				C08614AF27E185D000766418 /* ContentView.swift */,
				C0730C5127F3C86600EF7550 /* Errors.swift */,
				C0730C5E27F5534400EF7550 /* GoalEntryView.swift */,
				C0730C5727F3DDB800EF7550 /* KeyCreationSheet.swift */,
				C0730C5927F3DDE300EF7550 /* KeyManagerView.swift */,
				C0730C4E27F3C64B00EF7550 /* Milestone.swift */,
				C08614AD27E185D000766418 /* MilestoneComposerApp.swift */,
				C0730C6627F55A7700EF7550 /* MilestoneDetailView.swift */,
				C0730C6327F559E200EF7550 /* MilestoneManagerView.swift */,
				C0730C6827F55AF800EF7550 /* ServerSelectionSheet.swift */,
				C0730C5327F3C87D00EF7550 /* Utilities.swift */,
				C0730C5527F3DC4600EF7550 /* WindowManager.swift */,
				C08614B127E185D000766418 /* Assets.xcassets */,
				C08614B627E185D000766418 /* MilestoneComposer.entitlements */,
				C08614B327E185D000766418 /* Preview Content */,
			);
			path = "Milestone Composer";
			sourceTree = "<group>";
		};
		C08614B327E185D000766418 /* Preview Content */ = {
			isa = PBXGroup;
			children = (
				C08614B427E185D000766418 /* Preview Assets.xcassets */,
			);
			path = "Preview Content";
			sourceTree = "<group>";
		};
		C086150A27E18AE100766418 /* Products */ = {
			isa = PBXGroup;
			children = (
				C086150E27E18AE100766418 /* KeyManagement.framework */,
			);
			name = Products;
			sourceTree = "<group>";
		};
		C086151027E18B2200766418 /* Frameworks */ = {
			isa = PBXGroup;
			children = (
			);
			name = Frameworks;
			sourceTree = "<group>";
		};
/* End PBXGroup section */

/* Begin PBXNativeTarget section */
		C08614A927E185D000766418 /* Milestone Composer */ = {
			isa = PBXNativeTarget;
			buildConfigurationList = C08614B927E185D000766418 /* Build configuration list for PBXNativeTarget "Milestone Composer" */;
			buildPhases = (
				C08614A627E185D000766418 /* Sources */,
				C08614A727E185D000766418 /* Frameworks */,
				C08614A827E185D000766418 /* Resources */,
				C086151427E18B2200766418 /* Embed Frameworks */,
			);
			buildRules = (
			);
			dependencies = (
			);
			name = "Milestone Composer";
			productName = "Milestone Composer";
			productReference = C08614AA27E185D000766418 /* Milestone Composer.app */;
			productType = "com.apple.product-type.application";
		};
/* End PBXNativeTarget section */

/* Begin PBXProject section */
		C08614A227E185D000766418 /* Project object */ = {
			isa = PBXProject;
			attributes = {
				BuildIndependentTargetsInParallel = 1;
				LastSwiftUpdateCheck = 1330;
				LastUpgradeCheck = 1330;
				TargetAttributes = {
					C08614A927E185D000766418 = {
						CreatedOnToolsVersion = 13.3;
					};
				};
			};
			buildConfigurationList = C08614A527E185D000766418 /* Build configuration list for PBXProject "Milestone Composer" */;
			compatibilityVersion = "Xcode 13.0";
			developmentRegion = en;
			hasScannedForEncodings = 0;
			knownRegions = (
				en,
				Base,
			);
			mainGroup = C08614A127E185D000766418;
			productRefGroup = C08614AB27E185D000766418 /* Products */;
			projectDirPath = "";
			projectReferences = (
				{
					ProductGroup = C086150A27E18AE100766418 /* Products */;
					ProjectRef = C086150927E18AE100766418 /* Key Management.xcodeproj */;
				},
			);
			projectRoot = "";
			targets = (
				C08614A927E185D000766418 /* Milestone Composer */,
			);
		};
/* End PBXProject section */

/* Begin PBXReferenceProxy section */
		C086150E27E18AE100766418 /* KeyManagement.framework */ = {
			isa = PBXReferenceProxy;
			fileType = wrapper.framework;
			path = KeyManagement.framework;
			remoteRef = C086150D27E18AE100766418 /* PBXContainerItemProxy */;
			sourceTree = BUILT_PRODUCTS_DIR;
		};
/* End PBXReferenceProxy section */

/* Begin PBXResourcesBuildPhase section */
		C08614A827E185D000766418 /* Resources */ = {
			isa = PBXResourcesBuildPhase;
			buildActionMask = 2147483647;
			files = (
				C08614B527E185D000766418 /* Preview Assets.xcassets in Resources */,
				C08614B227E185D000766418 /* Assets.xcassets in Resources */,
			);
			runOnlyForDeploymentPostprocessing = 0;
		};
/* End PBXResourcesBuildPhase section */

/* Begin PBXSourcesBuildPhase section */
		C08614A627E185D000766418 /* Sources */ = {
			isa = PBXSourcesBuildPhase;
			buildActionMask = 2147483647;
			files = (
				C0730C5227F3C86600EF7550 /* Errors.swift in Sources */,
				C0730C4F27F3C64B00EF7550 /* Milestone.swift in Sources */,
				C08614B027E185D000766418 /* ContentView.swift in Sources */,
				C0730C6427F559E200EF7550 /* MilestoneManagerView.swift in Sources */,
				C0730C5427F3C87D00EF7550 /* Utilities.swift in Sources */,
				C0730C5F27F5534400EF7550 /* GoalEntryView.swift in Sources */,
				C08614AE27E185D000766418 /* MilestoneComposerApp.swift in Sources */,
				C0730C6927F55AF800EF7550 /* ServerSelectionSheet.swift in Sources */,
				C0730C5827F3DDB800EF7550 /* KeyCreationSheet.swift in Sources */,
				C0730C5A27F3DDE300EF7550 /* KeyManagerView.swift in Sources */,
				C0730C6727F55A7700EF7550 /* MilestoneDetailView.swift in Sources */,
				C0730C5627F3DC4600EF7550 /* WindowManager.swift in Sources */,
			);
			runOnlyForDeploymentPostprocessing = 0;
		};
/* End PBXSourcesBuildPhase section */

/* Begin XCBuildConfiguration section */
		C08614B727E185D000766418 /* Debug */ = {
			isa = XCBuildConfiguration;
			buildSettings = {
				ALWAYS_SEARCH_USER_PATHS = NO;
				CLANG_ANALYZER_NONNULL = YES;
				CLANG_ANALYZER_NUMBER_OBJECT_CONVERSION = YES_AGGRESSIVE;
				CLANG_CXX_LANGUAGE_STANDARD = "gnu++17";
				CLANG_ENABLE_MODULES = YES;
				CLANG_ENABLE_OBJC_ARC = YES;
				CLANG_ENABLE_OBJC_WEAK = YES;
				CLANG_WARN_BLOCK_CAPTURE_AUTORELEASING = YES;
				CLANG_WARN_BOOL_CONVERSION = YES;
				CLANG_WARN_COMMA = YES;
				CLANG_WARN_CONSTANT_CONVERSION = YES;
				CLANG_WARN_DEPRECATED_OBJC_IMPLEMENTATIONS = YES;
				CLANG_WARN_DIRECT_OBJC_ISA_USAGE = YES_ERROR;
				CLANG_WARN_DOCUMENTATION_COMMENTS = YES;
				CLANG_WARN_EMPTY_BODY = YES;
				CLANG_WARN_ENUM_CONVERSION = YES;
				CLANG_WARN_INFINITE_RECURSION = YES;
				CLANG_WARN_INT_CONVERSION = YES;
				CLANG_WARN_NON_LITERAL_NULL_CONVERSION = YES;
				CLANG_WARN_OBJC_IMPLICIT_RETAIN_SELF = YES;
				CLANG_WARN_OBJC_LITERAL_CONVERSION = YES;
				CLANG_WARN_OBJC_ROOT_CLASS = YES_ERROR;
				CLANG_WARN_QUOTED_INCLUDE_IN_FRAMEWORK_HEADER = YES;
				CLANG_WARN_RANGE_LOOP_ANALYSIS = YES;
				CLANG_WARN_STRICT_PROTOTYPES = YES;
				CLANG_WARN_SUSPICIOUS_MOVE = YES;
				CLANG_WARN_UNGUARDED_AVAILABILITY = YES_AGGRESSIVE;
				CLANG_WARN_UNREACHABLE_CODE = YES;
				CLANG_WARN__DUPLICATE_METHOD_MATCH = YES;
				COPY_PHASE_STRIP = NO;
				DEBUG_INFORMATION_FORMAT = dwarf;
				ENABLE_STRICT_OBJC_MSGSEND = YES;
				ENABLE_TESTABILITY = YES;
				GCC_C_LANGUAGE_STANDARD = gnu11;
				GCC_DYNAMIC_NO_PIC = NO;
				GCC_NO_COMMON_BLOCKS = YES;
				GCC_OPTIMIZATION_LEVEL = 0;
				GCC_PREPROCESSOR_DEFINITIONS = (
					"DEBUG=1",
					"$(inherited)",
				);
				GCC_WARN_64_TO_32_BIT_CONVERSION = YES;
				GCC_WARN_ABOUT_RETURN_TYPE = YES_ERROR;
				GCC_WARN_UNDECLARED_SELECTOR = YES;
				GCC_WARN_UNINITIALIZED_AUTOS = YES_AGGRESSIVE;
				GCC_WARN_UNUSED_FUNCTION = YES;
				GCC_WARN_UNUSED_VARIABLE = YES;
				MACOSX_DEPLOYMENT_TARGET = 12.3;
				MTL_ENABLE_DEBUG_INFO = INCLUDE_SOURCE;
				MTL_FAST_MATH = YES;
				ONLY_ACTIVE_ARCH = YES;
				SDKROOT = macosx;
				SWIFT_ACTIVE_COMPILATION_CONDITIONS = DEBUG;
				SWIFT_OPTIMIZATION_LEVEL = "-Onone";
			};
			name = Debug;
		};
		C08614B827E185D000766418 /* Release */ = {
			isa = XCBuildConfiguration;
			buildSettings = {
				ALWAYS_SEARCH_USER_PATHS = NO;
				CLANG_ANALYZER_NONNULL = YES;
				CLANG_ANALYZER_NUMBER_OBJECT_CONVERSION = YES_AGGRESSIVE;
				CLANG_CXX_LANGUAGE_STANDARD = "gnu++17";
				CLANG_ENABLE_MODULES = YES;
				CLANG_ENABLE_OBJC_ARC = YES;
				CLANG_ENABLE_OBJC_WEAK = YES;
				CLANG_WARN_BLOCK_CAPTURE_AUTORELEASING = YES;
				CLANG_WARN_BOOL_CONVERSION = YES;
				CLANG_WARN_COMMA = YES;
				CLANG_WARN_CONSTANT_CONVERSION = YES;
				CLANG_WARN_DEPRECATED_OBJC_IMPLEMENTATIONS = YES;
				CLANG_WARN_DIRECT_OBJC_ISA_USAGE = YES_ERROR;
				CLANG_WARN_DOCUMENTATION_COMMENTS = YES;
				CLANG_WARN_EMPTY_BODY = YES;
				CLANG_WARN_ENUM_CONVERSION = YES;
				CLANG_WARN_INFINITE_RECURSION = YES;
				CLANG_WARN_INT_CONVERSION = YES;
				CLANG_WARN_NON_LITERAL_NULL_CONVERSION = YES;
				CLANG_WARN_OBJC_IMPLICIT_RETAIN_SELF = YES;
				CLANG_WARN_OBJC_LITERAL_CONVERSION = YES;
				CLANG_WARN_OBJC_ROOT_CLASS = YES_ERROR;
				CLANG_WARN_QUOTED_INCLUDE_IN_FRAMEWORK_HEADER = YES;
				CLANG_WARN_RANGE_LOOP_ANALYSIS = YES;
				CLANG_WARN_STRICT_PROTOTYPES = YES;
				CLANG_WARN_SUSPICIOUS_MOVE = YES;
				CLANG_WARN_UNGUARDED_AVAILABILITY = YES_AGGRESSIVE;
				CLANG_WARN_UNREACHABLE_CODE = YES;
				CLANG_WARN__DUPLICATE_METHOD_MATCH = YES;
				COPY_PHASE_STRIP = NO;
				DEBUG_INFORMATION_FORMAT = "dwarf-with-dsym";
				ENABLE_NS_ASSERTIONS = NO;
				ENABLE_STRICT_OBJC_MSGSEND = YES;
				GCC_C_LANGUAGE_STANDARD = gnu11;
				GCC_NO_COMMON_BLOCKS = YES;
				GCC_WARN_64_TO_32_BIT_CONVERSION = YES;
				GCC_WARN_ABOUT_RETURN_TYPE = YES_ERROR;
				GCC_WARN_UNDECLARED_SELECTOR = YES;
				GCC_WARN_UNINITIALIZED_AUTOS = YES_AGGRESSIVE;
				GCC_WARN_UNUSED_FUNCTION = YES;
				GCC_WARN_UNUSED_VARIABLE = YES;
				MACOSX_DEPLOYMENT_TARGET = 12.3;
				MTL_ENABLE_DEBUG_INFO = NO;
				MTL_FAST_MATH = YES;
				SDKROOT = macosx;
				SWIFT_COMPILATION_MODE = wholemodule;
				SWIFT_OPTIMIZATION_LEVEL = "-O";
			};
			name = Release;
		};
		C08614BA27E185D000766418 /* Debug */ = {
			isa = XCBuildConfiguration;
			buildSettings = {
				ASSETCATALOG_COMPILER_APPICON_NAME = AppIcon;
				ASSETCATALOG_COMPILER_GLOBAL_ACCENT_COLOR_NAME = AccentColor;
				CODE_SIGN_ENTITLEMENTS = "Milestone Composer/MilestoneComposer.entitlements";
				CODE_SIGN_STYLE = Automatic;
				COMBINE_HIDPI_IMAGES = YES;
				CURRENT_PROJECT_VERSION = 1;
				DEVELOPMENT_ASSET_PATHS = "\"Milestone Composer/Preview Content\"";
				DEVELOPMENT_TEAM = SYBLH277NF;
				ENABLE_HARDENED_RUNTIME = YES;
				ENABLE_PREVIEWS = YES;
				GENERATE_INFOPLIST_FILE = YES;
				INFOPLIST_FILE = Info.plist;
				INFOPLIST_KEY_NSHumanReadableCopyright = "";
				LD_RUNPATH_SEARCH_PATHS = (
					"$(inherited)",
					"@executable_path/../Frameworks",
				);
				MARKETING_VERSION = 1.0;
				PRODUCT_BUNDLE_IDENTIFIER = com.gerzer.shuttletracker.milestonecomposer;
				PRODUCT_NAME = "$(TARGET_NAME)";
				SWIFT_EMIT_LOC_STRINGS = YES;
				SWIFT_VERSION = 5.0;
			};
			name = Debug;
		};
		C08614BB27E185D000766418 /* Release */ = {
			isa = XCBuildConfiguration;
			buildSettings = {
				ASSETCATALOG_COMPILER_APPICON_NAME = AppIcon;
				ASSETCATALOG_COMPILER_GLOBAL_ACCENT_COLOR_NAME = AccentColor;
				CODE_SIGN_ENTITLEMENTS = "Milestone Composer/MilestoneComposer.entitlements";
				CODE_SIGN_STYLE = Automatic;
				COMBINE_HIDPI_IMAGES = YES;
				CURRENT_PROJECT_VERSION = 1;
				DEVELOPMENT_ASSET_PATHS = "\"Milestone Composer/Preview Content\"";
				DEVELOPMENT_TEAM = SYBLH277NF;
				ENABLE_HARDENED_RUNTIME = YES;
				ENABLE_PREVIEWS = YES;
				GENERATE_INFOPLIST_FILE = YES;
				INFOPLIST_FILE = Info.plist;
				INFOPLIST_KEY_NSHumanReadableCopyright = "";
				LD_RUNPATH_SEARCH_PATHS = (
					"$(inherited)",
					"@executable_path/../Frameworks",
				);
				MARKETING_VERSION = 1.0;
				PRODUCT_BUNDLE_IDENTIFIER = com.gerzer.shuttletracker.milestonecomposer;
				PRODUCT_NAME = "$(TARGET_NAME)";
				SWIFT_EMIT_LOC_STRINGS = YES;
				SWIFT_VERSION = 5.0;
			};
			name = Release;
		};
/* End XCBuildConfiguration section */

/* Begin XCConfigurationList section */
		C08614A527E185D000766418 /* Build configuration list for PBXProject "Milestone Composer" */ = {
			isa = XCConfigurationList;
			buildConfigurations = (
				C08614B727E185D000766418 /* Debug */,
				C08614B827E185D000766418 /* Release */,
			);
			defaultConfigurationIsVisible = 0;
			defaultConfigurationName = Release;
		};
		C08614B927E185D000766418 /* Build configuration list for PBXNativeTarget "Milestone Composer" */ = {
			isa = XCConfigurationList;
			buildConfigurations = (
				C08614BA27E185D000766418 /* Debug */,
				C08614BB27E185D000766418 /* Release */,
			);
			defaultConfigurationIsVisible = 0;
			defaultConfigurationName = Release;
		};
/* End XCConfigurationList section */
	};
	rootObject = C08614A227E185D000766418 /* Project object */;
}
