// !$*UTF8*$!
{
	archiveVersion = 1;
	classes = {
	};
	objectVersion = 55;
	objects = {

/* Begin PBXBuildFile section */
		C039B0672798C1B900416725 /* Pin.swift in Sources */ = {isa = PBXBuildFile; fileRef = C039B0662798C1B900416725 /* Pin.swift */; };
		C039B0692798F23F00416725 /* Inspector.swift in Sources */ = {isa = PBXBuildFile; fileRef = C039B0682798F23F00416725 /* Inspector.swift */; };
		C039B06B2798F45A00416725 /* InspectorSection.swift in Sources */ = {isa = PBXBuildFile; fileRef = C039B06A2798F45A00416725 /* InspectorSection.swift */; };
		C039B06D2798FC5400416725 /* VisibilityInspectorSection.swift in Sources */ = {isa = PBXBuildFile; fileRef = C039B06C2798FC5400416725 /* VisibilityInspectorSection.swift */; };
		C039B06F2798FC9B00416725 /* PinInspectorSection.swift in Sources */ = {isa = PBXBuildFile; fileRef = C039B06E2798FC9B00416725 /* PinInspectorSection.swift */; };
		C039B0712798FCEE00416725 /* AlgorithmsInspectorSection.swift in Sources */ = {isa = PBXBuildFile; fileRef = C039B0702798FCEE00416725 /* AlgorithmsInspectorSection.swift */; };
		C0735FC627B1FE1B00C6CAFB /* Turf in Frameworks */ = {isa = PBXBuildFile; productRef = C0735FC527B1FE1B00C6CAFB /* Turf */; };
		C07C7703283030D0006DF0AC /* ServerSelectionSheet.swift in Sources */ = {isa = PBXBuildFile; fileRef = C07C7702283030D0006DF0AC /* ServerSelectionSheet.swift */; };
		C09316D5278A071C009A4DC5 /* MappingUtilityApp.swift in Sources */ = {isa = PBXBuildFile; fileRef = C09316D4278A071C009A4DC5 /* MappingUtilityApp.swift */; };
		C09316D7278A071C009A4DC5 /* ContentView.swift in Sources */ = {isa = PBXBuildFile; fileRef = C09316D6278A071C009A4DC5 /* ContentView.swift */; };
		C09316D9278A071C009A4DC5 /* Assets.xcassets in Resources */ = {isa = PBXBuildFile; fileRef = C09316D8278A071C009A4DC5 /* Assets.xcassets */; };
		C09316DC278A071C009A4DC5 /* Preview Assets.xcassets in Resources */ = {isa = PBXBuildFile; fileRef = C09316DB278A071C009A4DC5 /* Preview Assets.xcassets */; };
		C09316E5278A07D7009A4DC5 /* MapView.swift in Sources */ = {isa = PBXBuildFile; fileRef = C09316E4278A07D7009A4DC5 /* MapView.swift */; };
		C09316E8278A080E009A4DC5 /* MapState.swift in Sources */ = {isa = PBXBuildFile; fileRef = C09316E7278A080E009A4DC5 /* MapState.swift */; };
		C09316EB278A0843009A4DC5 /* Bus.swift in Sources */ = {isa = PBXBuildFile; fileRef = C09316EA278A0843009A4DC5 /* Bus.swift */; };
		C09316ED278A084A009A4DC5 /* Coordinate.swift in Sources */ = {isa = PBXBuildFile; fileRef = C09316EC278A084A009A4DC5 /* Coordinate.swift */; };
		C09316EF278A0850009A4DC5 /* Route.swift in Sources */ = {isa = PBXBuildFile; fileRef = C09316EE278A0850009A4DC5 /* Route.swift */; };
		C09316F1278A0856009A4DC5 /* Stop.swift in Sources */ = {isa = PBXBuildFile; fileRef = C09316F0278A0856009A4DC5 /* Stop.swift */; };
		C09316F3278A087F009A4DC5 /* CustomAnnotation.swift in Sources */ = {isa = PBXBuildFile; fileRef = C09316F2278A087F009A4DC5 /* CustomAnnotation.swift */; };
		C09316F5278A08C3009A4DC5 /* API.swift in Sources */ = {isa = PBXBuildFile; fileRef = C09316F4278A08C3009A4DC5 /* API.swift */; };
		C09316F8278A0993009A4DC5 /* Moya in Frameworks */ = {isa = PBXBuildFile; productRef = C09316F7278A0993009A4DC5 /* Moya */; };
		C09316FA278A09E7009A4DC5 /* Utilities.swift in Sources */ = {isa = PBXBuildFile; fileRef = C09316F9278A09E7009A4DC5 /* Utilities.swift */; };
		C09316FD278A0B4E009A4DC5 /* MapViewDelegate.swift in Sources */ = {isa = PBXBuildFile; fileRef = C09316FC278A0B4E009A4DC5 /* MapViewDelegate.swift */; };
		C0F84F0428FA0674005F9B09 /* ColorName.swift in Sources */ = {isa = PBXBuildFile; fileRef = C0F84F0328FA0674005F9B09 /* ColorName.swift */; };
/* End PBXBuildFile section */

/* Begin PBXFileReference section */
		C039B0662798C1B900416725 /* Pin.swift */ = {isa = PBXFileReference; lastKnownFileType = sourcecode.swift; path = Pin.swift; sourceTree = "<group>"; };
		C039B0682798F23F00416725 /* Inspector.swift */ = {isa = PBXFileReference; lastKnownFileType = sourcecode.swift; path = Inspector.swift; sourceTree = "<group>"; };
		C039B06A2798F45A00416725 /* InspectorSection.swift */ = {isa = PBXFileReference; lastKnownFileType = sourcecode.swift; path = InspectorSection.swift; sourceTree = "<group>"; };
		C039B06C2798FC5400416725 /* VisibilityInspectorSection.swift */ = {isa = PBXFileReference; lastKnownFileType = sourcecode.swift; path = VisibilityInspectorSection.swift; sourceTree = "<group>"; };
		C039B06E2798FC9B00416725 /* PinInspectorSection.swift */ = {isa = PBXFileReference; lastKnownFileType = sourcecode.swift; path = PinInspectorSection.swift; sourceTree = "<group>"; };
		C039B0702798FCEE00416725 /* AlgorithmsInspectorSection.swift */ = {isa = PBXFileReference; lastKnownFileType = sourcecode.swift; path = AlgorithmsInspectorSection.swift; sourceTree = "<group>"; };
		C07C7702283030D0006DF0AC /* ServerSelectionSheet.swift */ = {isa = PBXFileReference; lastKnownFileType = sourcecode.swift; path = ServerSelectionSheet.swift; sourceTree = "<group>"; };
		C09316D1278A071C009A4DC5 /* Mapping Utility.app */ = {isa = PBXFileReference; explicitFileType = wrapper.application; includeInIndex = 0; path = "Mapping Utility.app"; sourceTree = BUILT_PRODUCTS_DIR; };
		C09316D4278A071C009A4DC5 /* MappingUtilityApp.swift */ = {isa = PBXFileReference; lastKnownFileType = sourcecode.swift; path = MappingUtilityApp.swift; sourceTree = "<group>"; };
		C09316D6278A071C009A4DC5 /* ContentView.swift */ = {isa = PBXFileReference; lastKnownFileType = sourcecode.swift; path = ContentView.swift; sourceTree = "<group>"; };
		C09316D8278A071C009A4DC5 /* Assets.xcassets */ = {isa = PBXFileReference; lastKnownFileType = folder.assetcatalog; path = Assets.xcassets; sourceTree = "<group>"; };
		C09316DB278A071C009A4DC5 /* Preview Assets.xcassets */ = {isa = PBXFileReference; lastKnownFileType = folder.assetcatalog; path = "Preview Assets.xcassets"; sourceTree = "<group>"; };
		C09316DD278A071C009A4DC5 /* MappingUtility.entitlements */ = {isa = PBXFileReference; lastKnownFileType = text.plist.entitlements; path = MappingUtility.entitlements; sourceTree = "<group>"; };
		C09316E4278A07D7009A4DC5 /* MapView.swift */ = {isa = PBXFileReference; lastKnownFileType = sourcecode.swift; path = MapView.swift; sourceTree = "<group>"; };
		C09316E7278A080E009A4DC5 /* MapState.swift */ = {isa = PBXFileReference; lastKnownFileType = sourcecode.swift; path = MapState.swift; sourceTree = "<group>"; };
		C09316EA278A0843009A4DC5 /* Bus.swift */ = {isa = PBXFileReference; lastKnownFileType = sourcecode.swift; path = Bus.swift; sourceTree = "<group>"; };
		C09316EC278A084A009A4DC5 /* Coordinate.swift */ = {isa = PBXFileReference; lastKnownFileType = sourcecode.swift; path = Coordinate.swift; sourceTree = "<group>"; };
		C09316EE278A0850009A4DC5 /* Route.swift */ = {isa = PBXFileReference; lastKnownFileType = sourcecode.swift; path = Route.swift; sourceTree = "<group>"; };
		C09316F0278A0856009A4DC5 /* Stop.swift */ = {isa = PBXFileReference; lastKnownFileType = sourcecode.swift; path = Stop.swift; sourceTree = "<group>"; };
		C09316F2278A087F009A4DC5 /* CustomAnnotation.swift */ = {isa = PBXFileReference; lastKnownFileType = sourcecode.swift; path = CustomAnnotation.swift; sourceTree = "<group>"; };
		C09316F4278A08C3009A4DC5 /* API.swift */ = {isa = PBXFileReference; lastKnownFileType = sourcecode.swift; path = API.swift; sourceTree = "<group>"; };
		C09316F9278A09E7009A4DC5 /* Utilities.swift */ = {isa = PBXFileReference; lastKnownFileType = sourcecode.swift; path = Utilities.swift; sourceTree = "<group>"; };
		C09316FC278A0B4E009A4DC5 /* MapViewDelegate.swift */ = {isa = PBXFileReference; lastKnownFileType = sourcecode.swift; path = MapViewDelegate.swift; sourceTree = "<group>"; };
		C0F84F0328FA0674005F9B09 /* ColorName.swift */ = {isa = PBXFileReference; lastKnownFileType = sourcecode.swift; path = ColorName.swift; sourceTree = "<group>"; };
/* End PBXFileReference section */

/* Begin PBXFrameworksBuildPhase section */
		C09316CE278A071C009A4DC5 /* Frameworks */ = {
			isa = PBXFrameworksBuildPhase;
			buildActionMask = 2147483647;
			files = (
				C09316F8278A0993009A4DC5 /* Moya in Frameworks */,
				C0735FC627B1FE1B00C6CAFB /* Turf in Frameworks */,
			);
			runOnlyForDeploymentPostprocessing = 0;
		};
/* End PBXFrameworksBuildPhase section */

/* Begin PBXGroup section */
		C09316C8278A071C009A4DC5 = {
			isa = PBXGroup;
			children = (
				C09316D3278A071C009A4DC5 /* Mapping Utility */,
				C09316D2278A071C009A4DC5 /* Products */,
			);
			sourceTree = "<group>";
		};
		C09316D2278A071C009A4DC5 /* Products */ = {
			isa = PBXGroup;
			children = (
				C09316D1278A071C009A4DC5 /* Mapping Utility.app */,
			);
			name = Products;
			sourceTree = "<group>";
		};
		C09316D3278A071C009A4DC5 /* Mapping Utility */ = {
			isa = PBXGroup;
			children = (
				C09316FB278A0B41009A4DC5 /* Delegates */,
				C09316E9278A0832009A4DC5 /* Models */,
				C09316E6278A0802009A4DC5 /* State */,
				C09316E3278A07C7009A4DC5 /* Views */,
				C09316F4278A08C3009A4DC5 /* API.swift */,
				C09316F2278A087F009A4DC5 /* CustomAnnotation.swift */,
				C09316D4278A071C009A4DC5 /* MappingUtilityApp.swift */,
				C039B0662798C1B900416725 /* Pin.swift */,
				C09316F9278A09E7009A4DC5 /* Utilities.swift */,
				C09316D8278A071C009A4DC5 /* Assets.xcassets */,
				C09316DD278A071C009A4DC5 /* MappingUtility.entitlements */,
				C09316DA278A071C009A4DC5 /* Preview Content */,
			);
			path = "Mapping Utility";
			sourceTree = "<group>";
		};
		C09316DA278A071C009A4DC5 /* Preview Content */ = {
			isa = PBXGroup;
			children = (
				C09316DB278A071C009A4DC5 /* Preview Assets.xcassets */,
			);
			path = "Preview Content";
			sourceTree = "<group>";
		};
		C09316E3278A07C7009A4DC5 /* Views */ = {
			isa = PBXGroup;
			children = (
				C039B0702798FCEE00416725 /* AlgorithmsInspectorSection.swift */,
				C09316D6278A071C009A4DC5 /* ContentView.swift */,
				C039B0682798F23F00416725 /* Inspector.swift */,
				C039B06A2798F45A00416725 /* InspectorSection.swift */,
				C09316E4278A07D7009A4DC5 /* MapView.swift */,
				C039B06E2798FC9B00416725 /* PinInspectorSection.swift */,
				C07C7702283030D0006DF0AC /* ServerSelectionSheet.swift */,
				C039B06C2798FC5400416725 /* VisibilityInspectorSection.swift */,
			);
			path = Views;
			sourceTree = "<group>";
		};
		C09316E6278A0802009A4DC5 /* State */ = {
			isa = PBXGroup;
			children = (
				C09316E7278A080E009A4DC5 /* MapState.swift */,
			);
			path = State;
			sourceTree = "<group>";
		};
		C09316E9278A0832009A4DC5 /* Models */ = {
			isa = PBXGroup;
			children = (
				C09316EA278A0843009A4DC5 /* Bus.swift */,
				C0F84F0328FA0674005F9B09 /* ColorName.swift */,
				C09316EC278A084A009A4DC5 /* Coordinate.swift */,
				C09316EE278A0850009A4DC5 /* Route.swift */,
				C09316F0278A0856009A4DC5 /* Stop.swift */,
			);
			path = Models;
			sourceTree = "<group>";
		};
		C09316FB278A0B41009A4DC5 /* Delegates */ = {
			isa = PBXGroup;
			children = (
				C09316FC278A0B4E009A4DC5 /* MapViewDelegate.swift */,
			);
			path = Delegates;
			sourceTree = "<group>";
		};
/* End PBXGroup section */

/* Begin PBXNativeTarget section */
		C09316D0278A071C009A4DC5 /* Mapping Utility */ = {
			isa = PBXNativeTarget;
			buildConfigurationList = C09316E0278A071C009A4DC5 /* Build configuration list for PBXNativeTarget "Mapping Utility" */;
			buildPhases = (
				C09316CD278A071C009A4DC5 /* Sources */,
				C09316CE278A071C009A4DC5 /* Frameworks */,
				C09316CF278A071C009A4DC5 /* Resources */,
			);
			buildRules = (
			);
			dependencies = (
			);
			name = "Mapping Utility";
			packageProductDependencies = (
				C09316F7278A0993009A4DC5 /* Moya */,
				C0735FC527B1FE1B00C6CAFB /* Turf */,
			);
			productName = "Mapping Utility";
			productReference = C09316D1278A071C009A4DC5 /* Mapping Utility.app */;
			productType = "com.apple.product-type.application";
		};
/* End PBXNativeTarget section */

/* Begin PBXProject section */
		C09316C9278A071C009A4DC5 /* Project object */ = {
			isa = PBXProject;
			attributes = {
				BuildIndependentTargetsInParallel = 1;
				LastSwiftUpdateCheck = 1320;
				LastUpgradeCheck = 1410;
				TargetAttributes = {
					C09316D0278A071C009A4DC5 = {
						CreatedOnToolsVersion = 13.2.1;
					};
				};
			};
			buildConfigurationList = C09316CC278A071C009A4DC5 /* Build configuration list for PBXProject "Mapping Utility" */;
			compatibilityVersion = "Xcode 13.0";
			developmentRegion = en;
			hasScannedForEncodings = 0;
			knownRegions = (
				en,
				Base,
			);
			mainGroup = C09316C8278A071C009A4DC5;
			packageReferences = (
				C09316F6278A0993009A4DC5 /* XCRemoteSwiftPackageReference "Moya" */,
				C0735FC427B1FE1B00C6CAFB /* XCRemoteSwiftPackageReference "turf-swift" */,
			);
			productRefGroup = C09316D2278A071C009A4DC5 /* Products */;
			projectDirPath = "";
			projectRoot = "";
			targets = (
				C09316D0278A071C009A4DC5 /* Mapping Utility */,
			);
		};
/* End PBXProject section */

/* Begin PBXResourcesBuildPhase section */
		C09316CF278A071C009A4DC5 /* Resources */ = {
			isa = PBXResourcesBuildPhase;
			buildActionMask = 2147483647;
			files = (
				C09316DC278A071C009A4DC5 /* Preview Assets.xcassets in Resources */,
				C09316D9278A071C009A4DC5 /* Assets.xcassets in Resources */,
			);
			runOnlyForDeploymentPostprocessing = 0;
		};
/* End PBXResourcesBuildPhase section */

/* Begin PBXSourcesBuildPhase section */
		C09316CD278A071C009A4DC5 /* Sources */ = {
			isa = PBXSourcesBuildPhase;
			buildActionMask = 2147483647;
			files = (
				C09316FD278A0B4E009A4DC5 /* MapViewDelegate.swift in Sources */,
				C09316E8278A080E009A4DC5 /* MapState.swift in Sources */,
				C09316D7278A071C009A4DC5 /* ContentView.swift in Sources */,
				C09316FA278A09E7009A4DC5 /* Utilities.swift in Sources */,
				C09316F3278A087F009A4DC5 /* CustomAnnotation.swift in Sources */,
				C09316E5278A07D7009A4DC5 /* MapView.swift in Sources */,
				C039B0672798C1B900416725 /* Pin.swift in Sources */,
				C09316F5278A08C3009A4DC5 /* API.swift in Sources */,
				C09316F1278A0856009A4DC5 /* Stop.swift in Sources */,
				C039B0692798F23F00416725 /* Inspector.swift in Sources */,
				C0F84F0428FA0674005F9B09 /* ColorName.swift in Sources */,
				C039B06B2798F45A00416725 /* InspectorSection.swift in Sources */,
				C09316D5278A071C009A4DC5 /* MappingUtilityApp.swift in Sources */,
				C09316EB278A0843009A4DC5 /* Bus.swift in Sources */,
				C09316EF278A0850009A4DC5 /* Route.swift in Sources */,
				C039B06F2798FC9B00416725 /* PinInspectorSection.swift in Sources */,
				C039B06D2798FC5400416725 /* VisibilityInspectorSection.swift in Sources */,
				C07C7703283030D0006DF0AC /* ServerSelectionSheet.swift in Sources */,
				C039B0712798FCEE00416725 /* AlgorithmsInspectorSection.swift in Sources */,
				C09316ED278A084A009A4DC5 /* Coordinate.swift in Sources */,
			);
			runOnlyForDeploymentPostprocessing = 0;
		};
/* End PBXSourcesBuildPhase section */

/* Begin XCBuildConfiguration section */
		C09316DE278A071C009A4DC5 /* Debug */ = {
			isa = XCBuildConfiguration;
			buildSettings = {
				ALWAYS_SEARCH_USER_PATHS = NO;
				CLANG_ANALYZER_NONNULL = YES;
				CLANG_ANALYZER_NUMBER_OBJECT_CONVERSION = YES_AGGRESSIVE;
				CLANG_CXX_LANGUAGE_STANDARD = "gnu++17";
				CLANG_CXX_LIBRARY = "libc++";
				CLANG_ENABLE_MODULES = YES;
				CLANG_ENABLE_OBJC_ARC = YES;
				CLANG_ENABLE_OBJC_WEAK = YES;
				CLANG_WARN_BLOCK_CAPTURE_AUTORELEASING = YES;
				CLANG_WARN_BOOL_CONVERSION = YES;
				CLANG_WARN_COMMA = YES;
				CLANG_WARN_CONSTANT_CONVERSION = YES;
				CLANG_WARN_DEPRECATED_OBJC_IMPLEMENTATIONS = YES;
				CLANG_WARN_DIRECT_OBJC_ISA_USAGE = YES_ERROR;
				CLANG_WARN_DOCUMENTATION_COMMENTS = YES;
				CLANG_WARN_EMPTY_BODY = YES;
				CLANG_WARN_ENUM_CONVERSION = YES;
				CLANG_WARN_INFINITE_RECURSION = YES;
				CLANG_WARN_INT_CONVERSION = YES;
				CLANG_WARN_NON_LITERAL_NULL_CONVERSION = YES;
				CLANG_WARN_OBJC_IMPLICIT_RETAIN_SELF = YES;
				CLANG_WARN_OBJC_LITERAL_CONVERSION = YES;
				CLANG_WARN_OBJC_ROOT_CLASS = YES_ERROR;
				CLANG_WARN_QUOTED_INCLUDE_IN_FRAMEWORK_HEADER = YES;
				CLANG_WARN_RANGE_LOOP_ANALYSIS = YES;
				CLANG_WARN_STRICT_PROTOTYPES = YES;
				CLANG_WARN_SUSPICIOUS_MOVE = YES;
				CLANG_WARN_UNGUARDED_AVAILABILITY = YES_AGGRESSIVE;
				CLANG_WARN_UNREACHABLE_CODE = YES;
				CLANG_WARN__DUPLICATE_METHOD_MATCH = YES;
				COPY_PHASE_STRIP = NO;
				DEAD_CODE_STRIPPING = YES;
				DEBUG_INFORMATION_FORMAT = dwarf;
				ENABLE_STRICT_OBJC_MSGSEND = YES;
				ENABLE_TESTABILITY = YES;
				GCC_C_LANGUAGE_STANDARD = gnu11;
				GCC_DYNAMIC_NO_PIC = NO;
				GCC_NO_COMMON_BLOCKS = YES;
				GCC_OPTIMIZATION_LEVEL = 0;
				GCC_PREPROCESSOR_DEFINITIONS = (
					"DEBUG=1",
					"$(inherited)",
				);
				GCC_WARN_64_TO_32_BIT_CONVERSION = YES;
				GCC_WARN_ABOUT_RETURN_TYPE = YES_ERROR;
				GCC_WARN_UNDECLARED_SELECTOR = YES;
				GCC_WARN_UNINITIALIZED_AUTOS = YES_AGGRESSIVE;
				GCC_WARN_UNUSED_FUNCTION = YES;
				GCC_WARN_UNUSED_VARIABLE = YES;
				MACOSX_DEPLOYMENT_TARGET = 12.1;
				MTL_ENABLE_DEBUG_INFO = INCLUDE_SOURCE;
				MTL_FAST_MATH = YES;
				ONLY_ACTIVE_ARCH = YES;
				SDKROOT = macosx;
				SWIFT_ACTIVE_COMPILATION_CONDITIONS = DEBUG;
				SWIFT_OPTIMIZATION_LEVEL = "-Onone";
			};
			name = Debug;
		};
		C09316DF278A071C009A4DC5 /* Release */ = {
			isa = XCBuildConfiguration;
			buildSettings = {
				ALWAYS_SEARCH_USER_PATHS = NO;
				CLANG_ANALYZER_NONNULL = YES;
				CLANG_ANALYZER_NUMBER_OBJECT_CONVERSION = YES_AGGRESSIVE;
				CLANG_CXX_LANGUAGE_STANDARD = "gnu++17";
				CLANG_CXX_LIBRARY = "libc++";
				CLANG_ENABLE_MODULES = YES;
				CLANG_ENABLE_OBJC_ARC = YES;
				CLANG_ENABLE_OBJC_WEAK = YES;
				CLANG_WARN_BLOCK_CAPTURE_AUTORELEASING = YES;
				CLANG_WARN_BOOL_CONVERSION = YES;
				CLANG_WARN_COMMA = YES;
				CLANG_WARN_CONSTANT_CONVERSION = YES;
				CLANG_WARN_DEPRECATED_OBJC_IMPLEMENTATIONS = YES;
				CLANG_WARN_DIRECT_OBJC_ISA_USAGE = YES_ERROR;
				CLANG_WARN_DOCUMENTATION_COMMENTS = YES;
				CLANG_WARN_EMPTY_BODY = YES;
				CLANG_WARN_ENUM_CONVERSION = YES;
				CLANG_WARN_INFINITE_RECURSION = YES;
				CLANG_WARN_INT_CONVERSION = YES;
				CLANG_WARN_NON_LITERAL_NULL_CONVERSION = YES;
				CLANG_WARN_OBJC_IMPLICIT_RETAIN_SELF = YES;
				CLANG_WARN_OBJC_LITERAL_CONVERSION = YES;
				CLANG_WARN_OBJC_ROOT_CLASS = YES_ERROR;
				CLANG_WARN_QUOTED_INCLUDE_IN_FRAMEWORK_HEADER = YES;
				CLANG_WARN_RANGE_LOOP_ANALYSIS = YES;
				CLANG_WARN_STRICT_PROTOTYPES = YES;
				CLANG_WARN_SUSPICIOUS_MOVE = YES;
				CLANG_WARN_UNGUARDED_AVAILABILITY = YES_AGGRESSIVE;
				CLANG_WARN_UNREACHABLE_CODE = YES;
				CLANG_WARN__DUPLICATE_METHOD_MATCH = YES;
				COPY_PHASE_STRIP = NO;
				DEAD_CODE_STRIPPING = YES;
				DEBUG_INFORMATION_FORMAT = "dwarf-with-dsym";
				ENABLE_NS_ASSERTIONS = NO;
				ENABLE_STRICT_OBJC_MSGSEND = YES;
				GCC_C_LANGUAGE_STANDARD = gnu11;
				GCC_NO_COMMON_BLOCKS = YES;
				GCC_WARN_64_TO_32_BIT_CONVERSION = YES;
				GCC_WARN_ABOUT_RETURN_TYPE = YES_ERROR;
				GCC_WARN_UNDECLARED_SELECTOR = YES;
				GCC_WARN_UNINITIALIZED_AUTOS = YES_AGGRESSIVE;
				GCC_WARN_UNUSED_FUNCTION = YES;
				GCC_WARN_UNUSED_VARIABLE = YES;
				MACOSX_DEPLOYMENT_TARGET = 12.1;
				MTL_ENABLE_DEBUG_INFO = NO;
				MTL_FAST_MATH = YES;
				SDKROOT = macosx;
				SWIFT_COMPILATION_MODE = wholemodule;
				SWIFT_OPTIMIZATION_LEVEL = "-O";
			};
			name = Release;
		};
		C09316E1278A071C009A4DC5 /* Debug */ = {
			isa = XCBuildConfiguration;
			buildSettings = {
				ASSETCATALOG_COMPILER_APPICON_NAME = AppIcon;
				ASSETCATALOG_COMPILER_GLOBAL_ACCENT_COLOR_NAME = AccentColor;
				CODE_SIGN_ENTITLEMENTS = "Mapping Utility/MappingUtility.entitlements";
				CODE_SIGN_IDENTITY = "-";
				CODE_SIGN_STYLE = Automatic;
				COMBINE_HIDPI_IMAGES = YES;
				CURRENT_PROJECT_VERSION = 4;
				DEAD_CODE_STRIPPING = YES;
				DEVELOPMENT_ASSET_PATHS = "\"Mapping Utility/Preview Content\"";
				DEVELOPMENT_TEAM = SYBLH277NF;
				ENABLE_HARDENED_RUNTIME = YES;
				ENABLE_PREVIEWS = YES;
				GENERATE_INFOPLIST_FILE = YES;
				INFOPLIST_KEY_CFBundleDisplayName = "Mapping Utility";
				INFOPLIST_KEY_LSApplicationCategoryType = "public.app-category.utilities";
				INFOPLIST_KEY_NSHumanReadableCopyright = "";
				LD_RUNPATH_SEARCH_PATHS = (
					"$(inherited)",
					"@executable_path/../Frameworks",
				);
				MACOSX_DEPLOYMENT_TARGET = 13.0;
				MARKETING_VERSION = 1.1;
				PRODUCT_BUNDLE_IDENTIFIER = com.gerzer.shuttletracker.mappingutility;
				PRODUCT_NAME = "$(TARGET_NAME)";
				SWIFT_EMIT_LOC_STRINGS = YES;
				SWIFT_VERSION = 5.0;
			};
			name = Debug;
		};
		C09316E2278A071C009A4DC5 /* Release */ = {
			isa = XCBuildConfiguration;
			buildSettings = {
				ASSETCATALOG_COMPILER_APPICON_NAME = AppIcon;
				ASSETCATALOG_COMPILER_GLOBAL_ACCENT_COLOR_NAME = AccentColor;
				CODE_SIGN_ENTITLEMENTS = "Mapping Utility/MappingUtility.entitlements";
				CODE_SIGN_IDENTITY = "-";
				CODE_SIGN_STYLE = Automatic;
				COMBINE_HIDPI_IMAGES = YES;
				CURRENT_PROJECT_VERSION = 4;
				DEAD_CODE_STRIPPING = YES;
				DEVELOPMENT_ASSET_PATHS = "\"Mapping Utility/Preview Content\"";
				DEVELOPMENT_TEAM = SYBLH277NF;
				ENABLE_HARDENED_RUNTIME = YES;
				ENABLE_PREVIEWS = YES;
				GENERATE_INFOPLIST_FILE = YES;
				INFOPLIST_KEY_CFBundleDisplayName = "Mapping Utility";
				INFOPLIST_KEY_LSApplicationCategoryType = "public.app-category.utilities";
				INFOPLIST_KEY_NSHumanReadableCopyright = "";
				LD_RUNPATH_SEARCH_PATHS = (
					"$(inherited)",
					"@executable_path/../Frameworks",
				);
				MACOSX_DEPLOYMENT_TARGET = 13.0;
				MARKETING_VERSION = 1.1;
				PRODUCT_BUNDLE_IDENTIFIER = com.gerzer.shuttletracker.mappingutility;
				PRODUCT_NAME = "$(TARGET_NAME)";
				SWIFT_EMIT_LOC_STRINGS = YES;
				SWIFT_VERSION = 5.0;
			};
			name = Release;
		};
/* End XCBuildConfiguration section */

/* Begin XCConfigurationList section */
		C09316CC278A071C009A4DC5 /* Build configuration list for PBXProject "Mapping Utility" */ = {
			isa = XCConfigurationList;
			buildConfigurations = (
				C09316DE278A071C009A4DC5 /* Debug */,
				C09316DF278A071C009A4DC5 /* Release */,
			);
			defaultConfigurationIsVisible = 0;
			defaultConfigurationName = Release;
		};
		C09316E0278A071C009A4DC5 /* Build configuration list for PBXNativeTarget "Mapping Utility" */ = {
			isa = XCConfigurationList;
			buildConfigurations = (
				C09316E1278A071C009A4DC5 /* Debug */,
				C09316E2278A071C009A4DC5 /* Release */,
			);
			defaultConfigurationIsVisible = 0;
			defaultConfigurationName = Release;
		};
/* End XCConfigurationList section */

/* Begin XCRemoteSwiftPackageReference section */
		C0735FC427B1FE1B00C6CAFB /* XCRemoteSwiftPackageReference "turf-swift" */ = {
			isa = XCRemoteSwiftPackageReference;
			repositoryURL = "https://github.com/mapbox/turf-swift.git";
			requirement = {
				kind = upToNextMajorVersion;
				minimumVersion = 2.2.0;
			};
		};
		C09316F6278A0993009A4DC5 /* XCRemoteSwiftPackageReference "Moya" */ = {
			isa = XCRemoteSwiftPackageReference;
			repositoryURL = "https://github.com/Moya/Moya";
			requirement = {
				kind = upToNextMajorVersion;
				minimumVersion = 15.0.0;
			};
		};
/* End XCRemoteSwiftPackageReference section */

/* Begin XCSwiftPackageProductDependency section */
		C0735FC527B1FE1B00C6CAFB /* Turf */ = {
			isa = XCSwiftPackageProductDependency;
			package = C0735FC427B1FE1B00C6CAFB /* XCRemoteSwiftPackageReference "turf-swift" */;
			productName = Turf;
		};
		C09316F7278A0993009A4DC5 /* Moya */ = {
			isa = XCSwiftPackageProductDependency;
			package = C09316F6278A0993009A4DC5 /* XCRemoteSwiftPackageReference "Moya" */;
			productName = Moya;
		};
/* End XCSwiftPackageProductDependency section */
	};
	rootObject = C09316C9278A071C009A4DC5 /* Project object */;
}
