// !$*UTF8*$!
{
	archiveVersion = 1;
	classes = {
	};
	objectVersion = 56;
	objects = {

/* Begin PBXBuildFile section */
		C01B615C291EE534008BF777 /* LogDetailView.swift in Sources */ = {isa = PBXBuildFile; fileRef = C01B615B291EE534008BF777 /* LogDetailView.swift */; };
		C01B615F291EE65B008BF777 /* Errors.swift in Sources */ = {isa = PBXBuildFile; fileRef = C01B615E291EE65B008BF777 /* Errors.swift */; };
		C0703B17292C91DD001D2D11 /* KeyManagement.framework in Frameworks */ = {isa = PBXBuildFile; fileRef = C0703B16292C91DD001D2D11 /* KeyManagement.framework */; };
		C0703B18292C91DD001D2D11 /* KeyManagement.framework in Embed Frameworks */ = {isa = PBXBuildFile; fileRef = C0703B16292C91DD001D2D11 /* KeyManagement.framework */; settings = {ATTRIBUTES = (CodeSignOnCopy, RemoveHeadersOnCopy, ); }; };
		C07D64082914932800E5D9DF /* LogRetrievalAssistantApp.swift in Sources */ = {isa = PBXBuildFile; fileRef = C07D64072914932800E5D9DF /* LogRetrievalAssistantApp.swift */; };
		C07D640A2914932800E5D9DF /* ContentView.swift in Sources */ = {isa = PBXBuildFile; fileRef = C07D64092914932800E5D9DF /* ContentView.swift */; };
		C07D640C2914932900E5D9DF /* Assets.xcassets in Resources */ = {isa = PBXBuildFile; fileRef = C07D640B2914932900E5D9DF /* Assets.xcassets */; };
		C07D640F2914932900E5D9DF /* Preview Assets.xcassets in Resources */ = {isa = PBXBuildFile; fileRef = C07D640E2914932900E5D9DF /* Preview Assets.xcassets */; };
		C07D6428291494AD00E5D9DF /* WindowManager.swift in Sources */ = {isa = PBXBuildFile; fileRef = C07D6427291494AD00E5D9DF /* WindowManager.swift */; };
		C07D643329188A7500E5D9DF /* Log.swift in Sources */ = {isa = PBXBuildFile; fileRef = C07D643229188A7500E5D9DF /* Log.swift */; };
		C0C8DCFB2946CFAB009D6047 /* HTTPStatus in Frameworks */ = {isa = PBXBuildFile; productRef = C0C8DCFA2946CFAB009D6047 /* HTTPStatus */; };
		C0D30D2A2946E09400127D65 /* LogContentView.swift in Sources */ = {isa = PBXBuildFile; fileRef = C0D30D292946E09400127D65 /* LogContentView.swift */; };
		C0F420AB29201FFF00CC0F91 /* ServerSelection.framework in Frameworks */ = {isa = PBXBuildFile; fileRef = C0F420AA29201FFF00CC0F91 /* ServerSelection.framework */; };
		C0F420AC29201FFF00CC0F91 /* ServerSelection.framework in Embed Frameworks */ = {isa = PBXBuildFile; fileRef = C0F420AA29201FFF00CC0F91 /* ServerSelection.framework */; settings = {ATTRIBUTES = (CodeSignOnCopy, RemoveHeadersOnCopy, ); }; };
/* End PBXBuildFile section */

/* Begin PBXCopyFilesBuildPhase section */
		C07D6424291493FE00E5D9DF /* Embed Frameworks */ = {
			isa = PBXCopyFilesBuildPhase;
			buildActionMask = 2147483647;
			dstPath = "";
			dstSubfolderSpec = 10;
			files = (
				C0F420AC29201FFF00CC0F91 /* ServerSelection.framework in Embed Frameworks */,
				C0703B18292C91DD001D2D11 /* KeyManagement.framework in Embed Frameworks */,
			);
			name = "Embed Frameworks";
			runOnlyForDeploymentPostprocessing = 0;
		};
/* End PBXCopyFilesBuildPhase section */

/* Begin PBXFileReference section */
		C01B615B291EE534008BF777 /* LogDetailView.swift */ = {isa = PBXFileReference; lastKnownFileType = sourcecode.swift; path = LogDetailView.swift; sourceTree = "<group>"; };
		C01B615E291EE65B008BF777 /* Errors.swift */ = {isa = PBXFileReference; lastKnownFileType = sourcecode.swift; path = Errors.swift; sourceTree = "<group>"; };
		C0703B16292C91DD001D2D11 /* KeyManagement.framework */ = {isa = PBXFileReference; explicitFileType = wrapper.framework; path = KeyManagement.framework; sourceTree = BUILT_PRODUCTS_DIR; };
		C07D64042914932800E5D9DF /* Log Retrieval Assistant.app */ = {isa = PBXFileReference; explicitFileType = wrapper.application; includeInIndex = 0; path = "Log Retrieval Assistant.app"; sourceTree = BUILT_PRODUCTS_DIR; };
		C07D64072914932800E5D9DF /* LogRetrievalAssistantApp.swift */ = {isa = PBXFileReference; lastKnownFileType = sourcecode.swift; path = LogRetrievalAssistantApp.swift; sourceTree = "<group>"; };
		C07D64092914932800E5D9DF /* ContentView.swift */ = {isa = PBXFileReference; lastKnownFileType = sourcecode.swift; path = ContentView.swift; sourceTree = "<group>"; };
		C07D640B2914932900E5D9DF /* Assets.xcassets */ = {isa = PBXFileReference; lastKnownFileType = folder.assetcatalog; path = Assets.xcassets; sourceTree = "<group>"; };
		C07D640E2914932900E5D9DF /* Preview Assets.xcassets */ = {isa = PBXFileReference; lastKnownFileType = folder.assetcatalog; path = "Preview Assets.xcassets"; sourceTree = "<group>"; };
		C07D64102914932900E5D9DF /* LogRetrievalAssistant.entitlements */ = {isa = PBXFileReference; lastKnownFileType = text.plist.entitlements; path = LogRetrievalAssistant.entitlements; sourceTree = "<group>"; };
		C07D6427291494AD00E5D9DF /* WindowManager.swift */ = {isa = PBXFileReference; lastKnownFileType = sourcecode.swift; path = WindowManager.swift; sourceTree = "<group>"; };
		C07D643229188A7500E5D9DF /* Log.swift */ = {isa = PBXFileReference; lastKnownFileType = sourcecode.swift; path = Log.swift; sourceTree = "<group>"; };
		C0D30D292946E09400127D65 /* LogContentView.swift */ = {isa = PBXFileReference; lastKnownFileType = sourcecode.swift; path = LogContentView.swift; sourceTree = "<group>"; };
		C0F420AA29201FFF00CC0F91 /* ServerSelection.framework */ = {isa = PBXFileReference; explicitFileType = wrapper.framework; path = ServerSelection.framework; sourceTree = BUILT_PRODUCTS_DIR; };
		C0F420C2292049B900CC0F91 /* Info.plist */ = {isa = PBXFileReference; lastKnownFileType = text.plist.xml; path = Info.plist; sourceTree = SOURCE_ROOT; };
/* End PBXFileReference section */

/* Begin PBXFrameworksBuildPhase section */
		C07D64012914932800E5D9DF /* Frameworks */ = {
			isa = PBXFrameworksBuildPhase;
			buildActionMask = 2147483647;
			files = (
				C0F420AB29201FFF00CC0F91 /* ServerSelection.framework in Frameworks */,
				C0C8DCFB2946CFAB009D6047 /* HTTPStatus in Frameworks */,
				C0703B17292C91DD001D2D11 /* KeyManagement.framework in Frameworks */,
			);
			runOnlyForDeploymentPostprocessing = 0;
		};
/* End PBXFrameworksBuildPhase section */

/* Begin PBXGroup section */
		C07D63FB2914932800E5D9DF = {
			isa = PBXGroup;
			children = (
				C07D64062914932800E5D9DF /* Log Retrieval Assistant */,
				C07D64052914932800E5D9DF /* Products */,
				C07D6421291493FE00E5D9DF /* Frameworks */,
			);
			sourceTree = "<group>";
		};
		C07D64052914932800E5D9DF /* Products */ = {
			isa = PBXGroup;
			children = (
				C07D64042914932800E5D9DF /* Log Retrieval Assistant.app */,
			);
			name = Products;
			sourceTree = "<group>";
		};
		C07D64062914932800E5D9DF /* Log Retrieval Assistant */ = {
			isa = PBXGroup;
			children = (
				C0F420C2292049B900CC0F91 /* Info.plist */,
				C07D64092914932800E5D9DF /* ContentView.swift */,
				C01B615E291EE65B008BF777 /* Errors.swift */,
				C07D643229188A7500E5D9DF /* Log.swift */,
				C0D30D292946E09400127D65 /* LogContentView.swift */,
				C01B615B291EE534008BF777 /* LogDetailView.swift */,
				C07D64072914932800E5D9DF /* LogRetrievalAssistantApp.swift */,
				C07D6427291494AD00E5D9DF /* WindowManager.swift */,
				C07D640B2914932900E5D9DF /* Assets.xcassets */,
				C07D64102914932900E5D9DF /* LogRetrievalAssistant.entitlements */,
				C07D640D2914932900E5D9DF /* Preview Content */,
			);
			path = "Log Retrieval Assistant";
			sourceTree = "<group>";
		};
		C07D640D2914932900E5D9DF /* Preview Content */ = {
			isa = PBXGroup;
			children = (
				C07D640E2914932900E5D9DF /* Preview Assets.xcassets */,
			);
			path = "Preview Content";
			sourceTree = "<group>";
		};
		C07D6421291493FE00E5D9DF /* Frameworks */ = {
			isa = PBXGroup;
			children = (
				C0703B16292C91DD001D2D11 /* KeyManagement.framework */,
				C0F420AA29201FFF00CC0F91 /* ServerSelection.framework */,
			);
			name = Frameworks;
			sourceTree = "<group>";
		};
/* End PBXGroup section */

/* Begin PBXNativeTarget section */
		C07D64032914932800E5D9DF /* Log Retrieval Assistant */ = {
			isa = PBXNativeTarget;
			buildConfigurationList = C07D64132914932900E5D9DF /* Build configuration list for PBXNativeTarget "Log Retrieval Assistant" */;
			buildPhases = (
				C07D64002914932800E5D9DF /* Sources */,
				C07D64012914932800E5D9DF /* Frameworks */,
				C07D64022914932800E5D9DF /* Resources */,
				C07D6424291493FE00E5D9DF /* Embed Frameworks */,
			);
			buildRules = (
			);
			dependencies = (
			);
			name = "Log Retrieval Assistant";
			packageProductDependencies = (
				C0C8DCFA2946CFAB009D6047 /* HTTPStatus */,
			);
			productName = "Log Retrieval Assistant";
			productReference = C07D64042914932800E5D9DF /* Log Retrieval Assistant.app */;
			productType = "com.apple.product-type.application";
		};
/* End PBXNativeTarget section */

/* Begin PBXProject section */
		C07D63FC2914932800E5D9DF /* Project object */ = {
			isa = PBXProject;
			attributes = {
				BuildIndependentTargetsInParallel = 1;
				LastSwiftUpdateCheck = 1410;
				LastUpgradeCheck = 1420;
				TargetAttributes = {
					C07D64032914932800E5D9DF = {
						CreatedOnToolsVersion = 14.1;
					};
				};
			};
			buildConfigurationList = C07D63FF2914932800E5D9DF /* Build configuration list for PBXProject "Log Retrieval Assistant" */;
			compatibilityVersion = "Xcode 14.0";
			developmentRegion = en;
			hasScannedForEncodings = 0;
			knownRegions = (
				en,
				Base,
			);
			mainGroup = C07D63FB2914932800E5D9DF;
			packageReferences = (
				C0C8DCF92946CFAB009D6047 /* XCRemoteSwiftPackageReference "HTTP-Status" */,
			);
			productRefGroup = C07D64052914932800E5D9DF /* Products */;
			projectDirPath = "";
			projectRoot = "";
			targets = (
				C07D64032914932800E5D9DF /* Log Retrieval Assistant */,
			);
		};
/* End PBXProject section */

/* Begin PBXResourcesBuildPhase section */
		C07D64022914932800E5D9DF /* Resources */ = {
			isa = PBXResourcesBuildPhase;
			buildActionMask = 2147483647;
			files = (
				C07D640F2914932900E5D9DF /* Preview Assets.xcassets in Resources */,
				C07D640C2914932900E5D9DF /* Assets.xcassets in Resources */,
			);
			runOnlyForDeploymentPostprocessing = 0;
		};
/* End PBXResourcesBuildPhase section */

/* Begin PBXSourcesBuildPhase section */
		C07D64002914932800E5D9DF /* Sources */ = {
			isa = PBXSourcesBuildPhase;
			buildActionMask = 2147483647;
			files = (
				C07D640A2914932800E5D9DF /* ContentView.swift in Sources */,
				C0D30D2A2946E09400127D65 /* LogContentView.swift in Sources */,
				C07D64082914932800E5D9DF /* LogRetrievalAssistantApp.swift in Sources */,
				C07D643329188A7500E5D9DF /* Log.swift in Sources */,
				C07D6428291494AD00E5D9DF /* WindowManager.swift in Sources */,
				C01B615F291EE65B008BF777 /* Errors.swift in Sources */,
				C01B615C291EE534008BF777 /* LogDetailView.swift in Sources */,
			);
			runOnlyForDeploymentPostprocessing = 0;
		};
/* End PBXSourcesBuildPhase section */

/* Begin XCBuildConfiguration section */
		C07D64112914932900E5D9DF /* Debug */ = {
			isa = XCBuildConfiguration;
			buildSettings = {
				ALWAYS_SEARCH_USER_PATHS = NO;
				CLANG_ANALYZER_NONNULL = YES;
				CLANG_ANALYZER_NUMBER_OBJECT_CONVERSION = YES_AGGRESSIVE;
				CLANG_CXX_LANGUAGE_STANDARD = "gnu++20";
				CLANG_ENABLE_MODULES = YES;
				CLANG_ENABLE_OBJC_ARC = YES;
				CLANG_ENABLE_OBJC_WEAK = YES;
				CLANG_WARN_BLOCK_CAPTURE_AUTORELEASING = YES;
				CLANG_WARN_BOOL_CONVERSION = YES;
				CLANG_WARN_COMMA = YES;
				CLANG_WARN_CONSTANT_CONVERSION = YES;
				CLANG_WARN_DEPRECATED_OBJC_IMPLEMENTATIONS = YES;
				CLANG_WARN_DIRECT_OBJC_ISA_USAGE = YES_ERROR;
				CLANG_WARN_DOCUMENTATION_COMMENTS = YES;
				CLANG_WARN_EMPTY_BODY = YES;
				CLANG_WARN_ENUM_CONVERSION = YES;
				CLANG_WARN_INFINITE_RECURSION = YES;
				CLANG_WARN_INT_CONVERSION = YES;
				CLANG_WARN_NON_LITERAL_NULL_CONVERSION = YES;
				CLANG_WARN_OBJC_IMPLICIT_RETAIN_SELF = YES;
				CLANG_WARN_OBJC_LITERAL_CONVERSION = YES;
				CLANG_WARN_OBJC_ROOT_CLASS = YES_ERROR;
				CLANG_WARN_QUOTED_INCLUDE_IN_FRAMEWORK_HEADER = YES;
				CLANG_WARN_RANGE_LOOP_ANALYSIS = YES;
				CLANG_WARN_STRICT_PROTOTYPES = YES;
				CLANG_WARN_SUSPICIOUS_MOVE = YES;
				CLANG_WARN_UNGUARDED_AVAILABILITY = YES_AGGRESSIVE;
				CLANG_WARN_UNREACHABLE_CODE = YES;
				CLANG_WARN__DUPLICATE_METHOD_MATCH = YES;
				COPY_PHASE_STRIP = NO;
				DEAD_CODE_STRIPPING = YES;
				DEBUG_INFORMATION_FORMAT = dwarf;
				ENABLE_STRICT_OBJC_MSGSEND = YES;
				ENABLE_TESTABILITY = YES;
				GCC_C_LANGUAGE_STANDARD = gnu11;
				GCC_DYNAMIC_NO_PIC = NO;
				GCC_NO_COMMON_BLOCKS = YES;
				GCC_OPTIMIZATION_LEVEL = 0;
				GCC_PREPROCESSOR_DEFINITIONS = (
					"DEBUG=1",
					"$(inherited)",
				);
				GCC_WARN_64_TO_32_BIT_CONVERSION = YES;
				GCC_WARN_ABOUT_RETURN_TYPE = YES_ERROR;
				GCC_WARN_UNDECLARED_SELECTOR = YES;
				GCC_WARN_UNINITIALIZED_AUTOS = YES_AGGRESSIVE;
				GCC_WARN_UNUSED_FUNCTION = YES;
				GCC_WARN_UNUSED_VARIABLE = YES;
				MACOSX_DEPLOYMENT_TARGET = 13.0;
				MTL_ENABLE_DEBUG_INFO = INCLUDE_SOURCE;
				MTL_FAST_MATH = YES;
				ONLY_ACTIVE_ARCH = YES;
				SDKROOT = macosx;
				SWIFT_ACTIVE_COMPILATION_CONDITIONS = DEBUG;
				SWIFT_OPTIMIZATION_LEVEL = "-Onone";
			};
			name = Debug;
		};
		C07D64122914932900E5D9DF /* Release */ = {
			isa = XCBuildConfiguration;
			buildSettings = {
				ALWAYS_SEARCH_USER_PATHS = NO;
				CLANG_ANALYZER_NONNULL = YES;
				CLANG_ANALYZER_NUMBER_OBJECT_CONVERSION = YES_AGGRESSIVE;
				CLANG_CXX_LANGUAGE_STANDARD = "gnu++20";
				CLANG_ENABLE_MODULES = YES;
				CLANG_ENABLE_OBJC_ARC = YES;
				CLANG_ENABLE_OBJC_WEAK = YES;
				CLANG_WARN_BLOCK_CAPTURE_AUTORELEASING = YES;
				CLANG_WARN_BOOL_CONVERSION = YES;
				CLANG_WARN_COMMA = YES;
				CLANG_WARN_CONSTANT_CONVERSION = YES;
				CLANG_WARN_DEPRECATED_OBJC_IMPLEMENTATIONS = YES;
				CLANG_WARN_DIRECT_OBJC_ISA_USAGE = YES_ERROR;
				CLANG_WARN_DOCUMENTATION_COMMENTS = YES;
				CLANG_WARN_EMPTY_BODY = YES;
				CLANG_WARN_ENUM_CONVERSION = YES;
				CLANG_WARN_INFINITE_RECURSION = YES;
				CLANG_WARN_INT_CONVERSION = YES;
				CLANG_WARN_NON_LITERAL_NULL_CONVERSION = YES;
				CLANG_WARN_OBJC_IMPLICIT_RETAIN_SELF = YES;
				CLANG_WARN_OBJC_LITERAL_CONVERSION = YES;
				CLANG_WARN_OBJC_ROOT_CLASS = YES_ERROR;
				CLANG_WARN_QUOTED_INCLUDE_IN_FRAMEWORK_HEADER = YES;
				CLANG_WARN_RANGE_LOOP_ANALYSIS = YES;
				CLANG_WARN_STRICT_PROTOTYPES = YES;
				CLANG_WARN_SUSPICIOUS_MOVE = YES;
				CLANG_WARN_UNGUARDED_AVAILABILITY = YES_AGGRESSIVE;
				CLANG_WARN_UNREACHABLE_CODE = YES;
				CLANG_WARN__DUPLICATE_METHOD_MATCH = YES;
				COPY_PHASE_STRIP = NO;
				DEAD_CODE_STRIPPING = YES;
				DEBUG_INFORMATION_FORMAT = "dwarf-with-dsym";
				ENABLE_NS_ASSERTIONS = NO;
				ENABLE_STRICT_OBJC_MSGSEND = YES;
				GCC_C_LANGUAGE_STANDARD = gnu11;
				GCC_NO_COMMON_BLOCKS = YES;
				GCC_WARN_64_TO_32_BIT_CONVERSION = YES;
				GCC_WARN_ABOUT_RETURN_TYPE = YES_ERROR;
				GCC_WARN_UNDECLARED_SELECTOR = YES;
				GCC_WARN_UNINITIALIZED_AUTOS = YES_AGGRESSIVE;
				GCC_WARN_UNUSED_FUNCTION = YES;
				GCC_WARN_UNUSED_VARIABLE = YES;
				MACOSX_DEPLOYMENT_TARGET = 13.0;
				MTL_ENABLE_DEBUG_INFO = NO;
				MTL_FAST_MATH = YES;
				SDKROOT = macosx;
				SWIFT_COMPILATION_MODE = wholemodule;
				SWIFT_OPTIMIZATION_LEVEL = "-O";
			};
			name = Release;
		};
		C07D64142914932900E5D9DF /* Debug */ = {
			isa = XCBuildConfiguration;
			buildSettings = {
				ASSETCATALOG_COMPILER_APPICON_NAME = AppIcon;
				ASSETCATALOG_COMPILER_GLOBAL_ACCENT_COLOR_NAME = AccentColor;
				CODE_SIGN_ENTITLEMENTS = "Log Retrieval Assistant/LogRetrievalAssistant.entitlements";
				CODE_SIGN_IDENTITY = "-";
				"CODE_SIGN_IDENTITY[sdk=macosx*]" = "Apple Development";
				CODE_SIGN_STYLE = Automatic;
				COMBINE_HIDPI_IMAGES = YES;
				CURRENT_PROJECT_VERSION = 1;
				DEAD_CODE_STRIPPING = YES;
				DEVELOPMENT_ASSET_PATHS = "\"Log Retrieval Assistant/Preview Content\"";
				DEVELOPMENT_TEAM = SYBLH277NF;
				ENABLE_HARDENED_RUNTIME = YES;
				ENABLE_PREVIEWS = YES;
				GENERATE_INFOPLIST_FILE = YES;
				INFOPLIST_FILE = Info.plist;
				INFOPLIST_KEY_CFBundleDisplayName = "Log Retrieval Assistant";
				INFOPLIST_KEY_NSHumanReadableCopyright = "";
				LD_RUNPATH_SEARCH_PATHS = (
					"$(inherited)",
					"@executable_path/../Frameworks",
				);
				MARKETING_VERSION = 1.0;
				PRODUCT_BUNDLE_IDENTIFIER = com.gerzer.shuttletracker.logretrievalassistant;
				PRODUCT_NAME = "$(TARGET_NAME)";
				SWIFT_EMIT_LOC_STRINGS = YES;
				SWIFT_VERSION = 5.0;
			};
			name = Debug;
		};
		C07D64152914932900E5D9DF /* Release */ = {
			isa = XCBuildConfiguration;
			buildSettings = {
				ASSETCATALOG_COMPILER_APPICON_NAME = AppIcon;
				ASSETCATALOG_COMPILER_GLOBAL_ACCENT_COLOR_NAME = AccentColor;
				CODE_SIGN_ENTITLEMENTS = "Log Retrieval Assistant/LogRetrievalAssistant.entitlements";
				CODE_SIGN_IDENTITY = "-";
				"CODE_SIGN_IDENTITY[sdk=macosx*]" = "Apple Development";
				CODE_SIGN_STYLE = Automatic;
				COMBINE_HIDPI_IMAGES = YES;
				CURRENT_PROJECT_VERSION = 1;
				DEAD_CODE_STRIPPING = YES;
				DEVELOPMENT_ASSET_PATHS = "\"Log Retrieval Assistant/Preview Content\"";
				DEVELOPMENT_TEAM = SYBLH277NF;
				ENABLE_HARDENED_RUNTIME = YES;
				ENABLE_PREVIEWS = YES;
				GENERATE_INFOPLIST_FILE = YES;
				INFOPLIST_FILE = Info.plist;
				INFOPLIST_KEY_CFBundleDisplayName = "Log Retrieval Assistant";
				INFOPLIST_KEY_NSHumanReadableCopyright = "";
				LD_RUNPATH_SEARCH_PATHS = (
					"$(inherited)",
					"@executable_path/../Frameworks",
				);
				MARKETING_VERSION = 1.0;
				PRODUCT_BUNDLE_IDENTIFIER = com.gerzer.shuttletracker.logretrievalassistant;
				PRODUCT_NAME = "$(TARGET_NAME)";
				SWIFT_EMIT_LOC_STRINGS = YES;
				SWIFT_VERSION = 5.0;
			};
			name = Release;
		};
/* End XCBuildConfiguration section */

/* Begin XCConfigurationList section */
		C07D63FF2914932800E5D9DF /* Build configuration list for PBXProject "Log Retrieval Assistant" */ = {
			isa = XCConfigurationList;
			buildConfigurations = (
				C07D64112914932900E5D9DF /* Debug */,
				C07D64122914932900E5D9DF /* Release */,
			);
			defaultConfigurationIsVisible = 0;
			defaultConfigurationName = Release;
		};
		C07D64132914932900E5D9DF /* Build configuration list for PBXNativeTarget "Log Retrieval Assistant" */ = {
			isa = XCConfigurationList;
			buildConfigurations = (
				C07D64142914932900E5D9DF /* Debug */,
				C07D64152914932900E5D9DF /* Release */,
			);
			defaultConfigurationIsVisible = 0;
			defaultConfigurationName = Release;
		};
/* End XCConfigurationList section */

/* Begin XCRemoteSwiftPackageReference section */
		C0C8DCF92946CFAB009D6047 /* XCRemoteSwiftPackageReference "HTTP-Status" */ = {
			isa = XCRemoteSwiftPackageReference;
			repositoryURL = "https://github.com/Gerzer/HTTP-Status/";
			requirement = {
				kind = upToNextMajorVersion;
				minimumVersion = 1.0.0;
			};
		};
/* End XCRemoteSwiftPackageReference section */

/* Begin XCSwiftPackageProductDependency section */
		C0C8DCFA2946CFAB009D6047 /* HTTPStatus */ = {
			isa = XCSwiftPackageProductDependency;
			package = C0C8DCF92946CFAB009D6047 /* XCRemoteSwiftPackageReference "HTTP-Status" */;
			productName = HTTPStatus;
		};
/* End XCSwiftPackageProductDependency section */
	};
	rootObject = C07D63FC2914932800E5D9DF /* Project object */;
}
