// !$*UTF8*$!
{
	archiveVersion = 1;
	classes = {
	};
	objectVersion = 55;
	objects = {

/* Begin PBXBuildFile section */
		C077D5EC274B155F000ED94F /* AnnouncementManagerView.swift in Sources */ = {isa = PBXBuildFile; fileRef = C077D5EB274B155F000ED94F /* AnnouncementManagerView.swift */; };
		C077D5EE274B4A45000ED94F /* AnnouncementDetailView.swift in Sources */ = {isa = PBXBuildFile; fileRef = C077D5ED274B4A45000ED94F /* AnnouncementDetailView.swift */; };
		C0961FF12744656200B16FDB /* AnnouncementComposerApp.swift in Sources */ = {isa = PBXBuildFile; fileRef = C0961FF02744656200B16FDB /* AnnouncementComposerApp.swift */; };
		C0961FF32744656200B16FDB /* ContentView.swift in Sources */ = {isa = PBXBuildFile; fileRef = C0961FF22744656200B16FDB /* ContentView.swift */; };
		C0961FF52744656300B16FDB /* Assets.xcassets in Resources */ = {isa = PBXBuildFile; fileRef = C0961FF42744656300B16FDB /* Assets.xcassets */; };
		C0961FF82744656300B16FDB /* Preview Assets.xcassets in Resources */ = {isa = PBXBuildFile; fileRef = C0961FF72744656300B16FDB /* Preview Assets.xcassets */; };
		C09620002744689500B16FDB /* Announcement.swift in Sources */ = {isa = PBXBuildFile; fileRef = C0961FFF2744689500B16FDB /* Announcement.swift */; };
		C096200627448E1400B16FDB /* Errors.swift in Sources */ = {isa = PBXBuildFile; fileRef = C096200527448E1400B16FDB /* Errors.swift */; };
		C096200C2744B11800B16FDB /* WindowManager.swift in Sources */ = {isa = PBXBuildFile; fileRef = C096200B2744B11800B16FDB /* WindowManager.swift */; };
		C0F420AE292020CA00CC0F91 /* KeyManagement.framework in Frameworks */ = {isa = PBXBuildFile; fileRef = C0F420AD292020CA00CC0F91 /* KeyManagement.framework */; };
		C0F420AF292020CA00CC0F91 /* KeyManagement.framework in Embed Frameworks */ = {isa = PBXBuildFile; fileRef = C0F420AD292020CA00CC0F91 /* KeyManagement.framework */; settings = {ATTRIBUTES = (CodeSignOnCopy, RemoveHeadersOnCopy, ); }; };
		C0F420B2292020DD00CC0F91 /* ServerSelection.framework in Frameworks */ = {isa = PBXBuildFile; fileRef = C0F420B1292020DD00CC0F91 /* ServerSelection.framework */; };
		C0F420B3292020DD00CC0F91 /* ServerSelection.framework in Embed Frameworks */ = {isa = PBXBuildFile; fileRef = C0F420B1292020DD00CC0F91 /* ServerSelection.framework */; settings = {ATTRIBUTES = (CodeSignOnCopy, RemoveHeadersOnCopy, ); }; };
/* End PBXBuildFile section */

/* Begin PBXCopyFilesBuildPhase section */
		C0F420B0292020CA00CC0F91 /* Embed Frameworks */ = {
			isa = PBXCopyFilesBuildPhase;
			buildActionMask = 2147483647;
			dstPath = "";
			dstSubfolderSpec = 10;
			files = (
				C0F420B3292020DD00CC0F91 /* ServerSelection.framework in Embed Frameworks */,
				C0F420AF292020CA00CC0F91 /* KeyManagement.framework in Embed Frameworks */,
			);
			name = "Embed Frameworks";
			runOnlyForDeploymentPostprocessing = 0;
		};
/* End PBXCopyFilesBuildPhase section */

/* Begin PBXFileReference section */
		C077D5EB274B155F000ED94F /* AnnouncementManagerView.swift */ = {isa = PBXFileReference; lastKnownFileType = sourcecode.swift; path = AnnouncementManagerView.swift; sourceTree = "<group>"; };
		C077D5ED274B4A45000ED94F /* AnnouncementDetailView.swift */ = {isa = PBXFileReference; lastKnownFileType = sourcecode.swift; path = AnnouncementDetailView.swift; sourceTree = "<group>"; };
		C0961FED2744656200B16FDB /* Announcement Composer.app */ = {isa = PBXFileReference; explicitFileType = wrapper.application; includeInIndex = 0; path = "Announcement Composer.app"; sourceTree = BUILT_PRODUCTS_DIR; };
		C0961FF02744656200B16FDB /* AnnouncementComposerApp.swift */ = {isa = PBXFileReference; lastKnownFileType = sourcecode.swift; path = AnnouncementComposerApp.swift; sourceTree = "<group>"; };
		C0961FF22744656200B16FDB /* ContentView.swift */ = {isa = PBXFileReference; lastKnownFileType = sourcecode.swift; path = ContentView.swift; sourceTree = "<group>"; };
		C0961FF42744656300B16FDB /* Assets.xcassets */ = {isa = PBXFileReference; lastKnownFileType = folder.assetcatalog; path = Assets.xcassets; sourceTree = "<group>"; };
		C0961FF72744656300B16FDB /* Preview Assets.xcassets */ = {isa = PBXFileReference; lastKnownFileType = folder.assetcatalog; path = "Preview Assets.xcassets"; sourceTree = "<group>"; };
		C0961FF92744656300B16FDB /* AnnouncementComposer.entitlements */ = {isa = PBXFileReference; lastKnownFileType = text.plist.entitlements; path = AnnouncementComposer.entitlements; sourceTree = "<group>"; };
		C0961FFF2744689500B16FDB /* Announcement.swift */ = {isa = PBXFileReference; lastKnownFileType = sourcecode.swift; path = Announcement.swift; sourceTree = "<group>"; };
		C096200527448E1400B16FDB /* Errors.swift */ = {isa = PBXFileReference; lastKnownFileType = sourcecode.swift; path = Errors.swift; sourceTree = "<group>"; };
		C096200B2744B11800B16FDB /* WindowManager.swift */ = {isa = PBXFileReference; lastKnownFileType = sourcecode.swift; path = WindowManager.swift; sourceTree = "<group>"; };
		C096200E2744B29800B16FDB /* Info.plist */ = {isa = PBXFileReference; lastKnownFileType = text.plist.xml; path = Info.plist; sourceTree = SOURCE_ROOT; };
		C0F420A529201BB800CC0F91 /* ServerSelection.framework */ = {isa = PBXFileReference; explicitFileType = wrapper.framework; path = ServerSelection.framework; sourceTree = BUILT_PRODUCTS_DIR; };
		C0F420AD292020CA00CC0F91 /* KeyManagement.framework */ = {isa = PBXFileReference; explicitFileType = wrapper.framework; path = KeyManagement.framework; sourceTree = BUILT_PRODUCTS_DIR; };
		C0F420B1292020DD00CC0F91 /* ServerSelection.framework */ = {isa = PBXFileReference; explicitFileType = wrapper.framework; path = ServerSelection.framework; sourceTree = BUILT_PRODUCTS_DIR; };
/* End PBXFileReference section */

/* Begin PBXFrameworksBuildPhase section */
		C0961FEA2744656200B16FDB /* Frameworks */ = {
			isa = PBXFrameworksBuildPhase;
			buildActionMask = 2147483647;
			files = (
				C0F420B2292020DD00CC0F91 /* ServerSelection.framework in Frameworks */,
				C0F420AE292020CA00CC0F91 /* KeyManagement.framework in Frameworks */,
			);
			runOnlyForDeploymentPostprocessing = 0;
		};
/* End PBXFrameworksBuildPhase section */

/* Begin PBXGroup section */
		C086151C27E18CDE00766418 /* Frameworks */ = {
			isa = PBXGroup;
			children = (
				C0F420B1292020DD00CC0F91 /* ServerSelection.framework */,
				C0F420AD292020CA00CC0F91 /* KeyManagement.framework */,
				C0F420A529201BB800CC0F91 /* ServerSelection.framework */,
			);
			name = Frameworks;
			sourceTree = "<group>";
		};
		C0961FE42744656200B16FDB = {
			isa = PBXGroup;
			children = (
				C0961FEF2744656200B16FDB /* Announcement Composer */,
				C0961FEE2744656200B16FDB /* Products */,
				C086151C27E18CDE00766418 /* Frameworks */,
			);
			sourceTree = "<group>";
		};
		C0961FEE2744656200B16FDB /* Products */ = {
			isa = PBXGroup;
			children = (
				C0961FED2744656200B16FDB /* Announcement Composer.app */,
			);
			name = Products;
			sourceTree = "<group>";
		};
		C0961FEF2744656200B16FDB /* Announcement Composer */ = {
			isa = PBXGroup;
			children = (
				C096200E2744B29800B16FDB /* Info.plist */,
				C0961FFF2744689500B16FDB /* Announcement.swift */,
				C0961FF02744656200B16FDB /* AnnouncementComposerApp.swift */,
				C077D5ED274B4A45000ED94F /* AnnouncementDetailView.swift */,
				C077D5EB274B155F000ED94F /* AnnouncementManagerView.swift */,
				C0961FF22744656200B16FDB /* ContentView.swift */,
				C096200527448E1400B16FDB /* Errors.swift */,
				C096200B2744B11800B16FDB /* WindowManager.swift */,
				C0961FF42744656300B16FDB /* Assets.xcassets */,
				C0961FF92744656300B16FDB /* AnnouncementComposer.entitlements */,
				C0961FF62744656300B16FDB /* Preview Content */,
			);
			path = "Announcement Composer";
			sourceTree = "<group>";
		};
		C0961FF62744656300B16FDB /* Preview Content */ = {
			isa = PBXGroup;
			children = (
				C0961FF72744656300B16FDB /* Preview Assets.xcassets */,
			);
			path = "Preview Content";
			sourceTree = "<group>";
		};
/* End PBXGroup section */

/* Begin PBXNativeTarget section */
		C0961FEC2744656200B16FDB /* Announcement Composer */ = {
			isa = PBXNativeTarget;
			buildConfigurationList = C0961FFC2744656300B16FDB /* Build configuration list for PBXNativeTarget "Announcement Composer" */;
			buildPhases = (
				C0961FE92744656200B16FDB /* Sources */,
				C0961FEA2744656200B16FDB /* Frameworks */,
				C0961FEB2744656200B16FDB /* Resources */,
				C0F420B0292020CA00CC0F91 /* Embed Frameworks */,
			);
			buildRules = (
			);
			dependencies = (
			);
			name = "Announcement Composer";
			productName = "Announcement Composer";
			productReference = C0961FED2744656200B16FDB /* Announcement Composer.app */;
			productType = "com.apple.product-type.application";
		};
/* End PBXNativeTarget section */

/* Begin PBXProject section */
		C0961FE52744656200B16FDB /* Project object */ = {
			isa = PBXProject;
			attributes = {
				BuildIndependentTargetsInParallel = 1;
				LastSwiftUpdateCheck = 1310;
				LastUpgradeCheck = 1510;
				TargetAttributes = {
					C0961FEC2744656200B16FDB = {
						CreatedOnToolsVersion = 13.1;
					};
				};
			};
			buildConfigurationList = C0961FE82744656200B16FDB /* Build configuration list for PBXProject "Announcement Composer" */;
			compatibilityVersion = "Xcode 13.0";
			developmentRegion = en;
			hasScannedForEncodings = 0;
			knownRegions = (
				en,
				Base,
			);
			mainGroup = C0961FE42744656200B16FDB;
			productRefGroup = C0961FEE2744656200B16FDB /* Products */;
			projectDirPath = "";
			projectRoot = "";
			targets = (
				C0961FEC2744656200B16FDB /* Announcement Composer */,
			);
		};
/* End PBXProject section */

/* Begin PBXResourcesBuildPhase section */
		C0961FEB2744656200B16FDB /* Resources */ = {
			isa = PBXResourcesBuildPhase;
			buildActionMask = 2147483647;
			files = (
				C0961FF82744656300B16FDB /* Preview Assets.xcassets in Resources */,
				C0961FF52744656300B16FDB /* Assets.xcassets in Resources */,
			);
			runOnlyForDeploymentPostprocessing = 0;
		};
/* End PBXResourcesBuildPhase section */

/* Begin PBXSourcesBuildPhase section */
		C0961FE92744656200B16FDB /* Sources */ = {
			isa = PBXSourcesBuildPhase;
			buildActionMask = 2147483647;
			files = (
				C09620002744689500B16FDB /* Announcement.swift in Sources */,
				C0961FF32744656200B16FDB /* ContentView.swift in Sources */,
				C096200627448E1400B16FDB /* Errors.swift in Sources */,
				C077D5EC274B155F000ED94F /* AnnouncementManagerView.swift in Sources */,
				C096200C2744B11800B16FDB /* WindowManager.swift in Sources */,
				C077D5EE274B4A45000ED94F /* AnnouncementDetailView.swift in Sources */,
				C0961FF12744656200B16FDB /* AnnouncementComposerApp.swift in Sources */,
			);
			runOnlyForDeploymentPostprocessing = 0;
		};
/* End PBXSourcesBuildPhase section */

/* Begin XCBuildConfiguration section */
		C0961FFA2744656300B16FDB /* Debug */ = {
			isa = XCBuildConfiguration;
			buildSettings = {
				ALWAYS_SEARCH_USER_PATHS = NO;
				ASSETCATALOG_COMPILER_GENERATE_SWIFT_ASSET_SYMBOL_EXTENSIONS = YES;
				CLANG_ANALYZER_NONNULL = YES;
				CLANG_ANALYZER_NUMBER_OBJECT_CONVERSION = YES_AGGRESSIVE;
				CLANG_CXX_LANGUAGE_STANDARD = "gnu++17";
				CLANG_CXX_LIBRARY = "libc++";
				CLANG_ENABLE_MODULES = YES;
				CLANG_ENABLE_OBJC_ARC = YES;
				CLANG_ENABLE_OBJC_WEAK = YES;
				CLANG_WARN_BLOCK_CAPTURE_AUTORELEASING = YES;
				CLANG_WARN_BOOL_CONVERSION = YES;
				CLANG_WARN_COMMA = YES;
				CLANG_WARN_CONSTANT_CONVERSION = YES;
				CLANG_WARN_DEPRECATED_OBJC_IMPLEMENTATIONS = YES;
				CLANG_WARN_DIRECT_OBJC_ISA_USAGE = YES_ERROR;
				CLANG_WARN_DOCUMENTATION_COMMENTS = YES;
				CLANG_WARN_EMPTY_BODY = YES;
				CLANG_WARN_ENUM_CONVERSION = YES;
				CLANG_WARN_INFINITE_RECURSION = YES;
				CLANG_WARN_INT_CONVERSION = YES;
				CLANG_WARN_NON_LITERAL_NULL_CONVERSION = YES;
				CLANG_WARN_OBJC_IMPLICIT_RETAIN_SELF = YES;
				CLANG_WARN_OBJC_LITERAL_CONVERSION = YES;
				CLANG_WARN_OBJC_ROOT_CLASS = YES_ERROR;
				CLANG_WARN_QUOTED_INCLUDE_IN_FRAMEWORK_HEADER = YES;
				CLANG_WARN_RANGE_LOOP_ANALYSIS = YES;
				CLANG_WARN_STRICT_PROTOTYPES = YES;
				CLANG_WARN_SUSPICIOUS_MOVE = YES;
				CLANG_WARN_UNGUARDED_AVAILABILITY = YES_AGGRESSIVE;
				CLANG_WARN_UNREACHABLE_CODE = YES;
				CLANG_WARN__DUPLICATE_METHOD_MATCH = YES;
				COPY_PHASE_STRIP = NO;
				DEAD_CODE_STRIPPING = YES;
				DEBUG_INFORMATION_FORMAT = dwarf;
				ENABLE_STRICT_OBJC_MSGSEND = YES;
				ENABLE_TESTABILITY = YES;
				ENABLE_USER_SCRIPT_SANDBOXING = YES;
				GCC_C_LANGUAGE_STANDARD = gnu11;
				GCC_DYNAMIC_NO_PIC = NO;
				GCC_NO_COMMON_BLOCKS = YES;
				GCC_OPTIMIZATION_LEVEL = 0;
				GCC_PREPROCESSOR_DEFINITIONS = (
					"DEBUG=1",
					"$(inherited)",
				);
				GCC_WARN_64_TO_32_BIT_CONVERSION = YES;
				GCC_WARN_ABOUT_RETURN_TYPE = YES_ERROR;
				GCC_WARN_UNDECLARED_SELECTOR = YES;
				GCC_WARN_UNINITIALIZED_AUTOS = YES_AGGRESSIVE;
				GCC_WARN_UNUSED_FUNCTION = YES;
				GCC_WARN_UNUSED_VARIABLE = YES;
				MACOSX_DEPLOYMENT_TARGET = 12.0;
				MTL_ENABLE_DEBUG_INFO = INCLUDE_SOURCE;
				MTL_FAST_MATH = YES;
				ONLY_ACTIVE_ARCH = YES;
				SDKROOT = macosx;
				SWIFT_ACTIVE_COMPILATION_CONDITIONS = DEBUG;
				SWIFT_OPTIMIZATION_LEVEL = "-Onone";
			};
			name = Debug;
		};
		C0961FFB2744656300B16FDB /* Release */ = {
			isa = XCBuildConfiguration;
			buildSettings = {
				ALWAYS_SEARCH_USER_PATHS = NO;
				ASSETCATALOG_COMPILER_GENERATE_SWIFT_ASSET_SYMBOL_EXTENSIONS = YES;
				CLANG_ANALYZER_NONNULL = YES;
				CLANG_ANALYZER_NUMBER_OBJECT_CONVERSION = YES_AGGRESSIVE;
				CLANG_CXX_LANGUAGE_STANDARD = "gnu++17";
				CLANG_CXX_LIBRARY = "libc++";
				CLANG_ENABLE_MODULES = YES;
				CLANG_ENABLE_OBJC_ARC = YES;
				CLANG_ENABLE_OBJC_WEAK = YES;
				CLANG_WARN_BLOCK_CAPTURE_AUTORELEASING = YES;
				CLANG_WARN_BOOL_CONVERSION = YES;
				CLANG_WARN_COMMA = YES;
				CLANG_WARN_CONSTANT_CONVERSION = YES;
				CLANG_WARN_DEPRECATED_OBJC_IMPLEMENTATIONS = YES;
				CLANG_WARN_DIRECT_OBJC_ISA_USAGE = YES_ERROR;
				CLANG_WARN_DOCUMENTATION_COMMENTS = YES;
				CLANG_WARN_EMPTY_BODY = YES;
				CLANG_WARN_ENUM_CONVERSION = YES;
				CLANG_WARN_INFINITE_RECURSION = YES;
				CLANG_WARN_INT_CONVERSION = YES;
				CLANG_WARN_NON_LITERAL_NULL_CONVERSION = YES;
				CLANG_WARN_OBJC_IMPLICIT_RETAIN_SELF = YES;
				CLANG_WARN_OBJC_LITERAL_CONVERSION = YES;
				CLANG_WARN_OBJC_ROOT_CLASS = YES_ERROR;
				CLANG_WARN_QUOTED_INCLUDE_IN_FRAMEWORK_HEADER = YES;
				CLANG_WARN_RANGE_LOOP_ANALYSIS = YES;
				CLANG_WARN_STRICT_PROTOTYPES = YES;
				CLANG_WARN_SUSPICIOUS_MOVE = YES;
				CLANG_WARN_UNGUARDED_AVAILABILITY = YES_AGGRESSIVE;
				CLANG_WARN_UNREACHABLE_CODE = YES;
				CLANG_WARN__DUPLICATE_METHOD_MATCH = YES;
				COPY_PHASE_STRIP = NO;
				DEAD_CODE_STRIPPING = YES;
				DEBUG_INFORMATION_FORMAT = "dwarf-with-dsym";
				ENABLE_NS_ASSERTIONS = NO;
				ENABLE_STRICT_OBJC_MSGSEND = YES;
				ENABLE_USER_SCRIPT_SANDBOXING = YES;
				GCC_C_LANGUAGE_STANDARD = gnu11;
				GCC_NO_COMMON_BLOCKS = YES;
				GCC_WARN_64_TO_32_BIT_CONVERSION = YES;
				GCC_WARN_ABOUT_RETURN_TYPE = YES_ERROR;
				GCC_WARN_UNDECLARED_SELECTOR = YES;
				GCC_WARN_UNINITIALIZED_AUTOS = YES_AGGRESSIVE;
				GCC_WARN_UNUSED_FUNCTION = YES;
				GCC_WARN_UNUSED_VARIABLE = YES;
				MACOSX_DEPLOYMENT_TARGET = 12.0;
				MTL_ENABLE_DEBUG_INFO = NO;
				MTL_FAST_MATH = YES;
				SDKROOT = macosx;
				SWIFT_COMPILATION_MODE = wholemodule;
				SWIFT_OPTIMIZATION_LEVEL = "-O";
			};
			name = Release;
		};
		C0961FFD2744656300B16FDB /* Debug */ = {
			isa = XCBuildConfiguration;
			buildSettings = {
				ASSETCATALOG_COMPILER_APPICON_NAME = AppIcon;
				ASSETCATALOG_COMPILER_GLOBAL_ACCENT_COLOR_NAME = AccentColor;
				CODE_SIGN_ENTITLEMENTS = "Announcement Composer/AnnouncementComposer.entitlements";
				CODE_SIGN_IDENTITY = "Apple Development";
				CODE_SIGN_STYLE = Automatic;
				COMBINE_HIDPI_IMAGES = YES;
				CURRENT_PROJECT_VERSION = 2;
				DEAD_CODE_STRIPPING = YES;
				DEVELOPMENT_ASSET_PATHS = "\"Announcement Composer/Preview Content\"";
				DEVELOPMENT_TEAM = SYBLH277NF;
				ENABLE_HARDENED_RUNTIME = YES;
				ENABLE_PREVIEWS = YES;
				GENERATE_INFOPLIST_FILE = YES;
				INFOPLIST_FILE = Info.plist;
				INFOPLIST_KEY_CFBundleDisplayName = "Announcement Composer";
				INFOPLIST_KEY_NSHumanReadableCopyright = "";
				LD_RUNPATH_SEARCH_PATHS = (
					"$(inherited)",
					"@executable_path/../Frameworks",
				);
				MACOSX_DEPLOYMENT_TARGET = 14.0;
				MARKETING_VERSION = 1.1;
				PRODUCT_BUNDLE_IDENTIFIER = com.gerzer.shuttletracker.announcementcomposer;
				PRODUCT_NAME = "$(TARGET_NAME)";
				SWIFT_EMIT_LOC_STRINGS = YES;
				SWIFT_VERSION = 5.0;
			};
			name = Debug;
		};
		C0961FFE2744656300B16FDB /* Release */ = {
			isa = XCBuildConfiguration;
			buildSettings = {
				ASSETCATALOG_COMPILER_APPICON_NAME = AppIcon;
				ASSETCATALOG_COMPILER_GLOBAL_ACCENT_COLOR_NAME = AccentColor;
				CODE_SIGN_ENTITLEMENTS = "Announcement Composer/AnnouncementComposer.entitlements";
				CODE_SIGN_IDENTITY = "Apple Development";
				CODE_SIGN_STYLE = Automatic;
				COMBINE_HIDPI_IMAGES = YES;
				CURRENT_PROJECT_VERSION = 2;
				DEAD_CODE_STRIPPING = YES;
				DEVELOPMENT_ASSET_PATHS = "\"Announcement Composer/Preview Content\"";
				DEVELOPMENT_TEAM = SYBLH277NF;
				ENABLE_HARDENED_RUNTIME = YES;
				ENABLE_PREVIEWS = YES;
				GENERATE_INFOPLIST_FILE = YES;
				INFOPLIST_FILE = Info.plist;
				INFOPLIST_KEY_CFBundleDisplayName = "Announcement Composer";
				INFOPLIST_KEY_NSHumanReadableCopyright = "";
				LD_RUNPATH_SEARCH_PATHS = (
					"$(inherited)",
					"@executable_path/../Frameworks",
				);
				MACOSX_DEPLOYMENT_TARGET = 14.0;
				MARKETING_VERSION = 1.1;
				PRODUCT_BUNDLE_IDENTIFIER = com.gerzer.shuttletracker.announcementcomposer;
				PRODUCT_NAME = "$(TARGET_NAME)";
				SWIFT_EMIT_LOC_STRINGS = YES;
				SWIFT_VERSION = 5.0;
			};
			name = Release;
		};
/* End XCBuildConfiguration section */

/* Begin XCConfigurationList section */
		C0961FE82744656200B16FDB /* Build configuration list for PBXProject "Announcement Composer" */ = {
			isa = XCConfigurationList;
			buildConfigurations = (
				C0961FFA2744656300B16FDB /* Debug */,
				C0961FFB2744656300B16FDB /* Release */,
			);
			defaultConfigurationIsVisible = 0;
			defaultConfigurationName = Release;
		};
		C0961FFC2744656300B16FDB /* Build configuration list for PBXNativeTarget "Announcement Composer" */ = {
			isa = XCConfigurationList;
			buildConfigurations = (
				C0961FFD2744656300B16FDB /* Debug */,
				C0961FFE2744656300B16FDB /* Release */,
			);
			defaultConfigurationIsVisible = 0;
			defaultConfigurationName = Release;
		};
/* End XCConfigurationList section */
	};
	rootObject = C0961FE52744656200B16FDB /* Project object */;
}
